// !$*UTF8*$!
{
	archiveVersion = 1;
	classes = {
	};
	objectVersion = 46;
	objects = {

/* Begin PBXBuildFile section */
		086CAAB61C49E5D000D23761 /* MDSearchViewController.m in Sources */ = {isa = PBXBuildFile; fileRef = 086CAAB51C49E5D000D23761 /* MDSearchViewController.m */; };
		086CAAB91C49F28800D23761 /* LDSearchViewController.m in Sources */ = {isa = PBXBuildFile; fileRef = 086CAAB81C49F28800D23761 /* LDSearchViewController.m */; };
		08E0B8CC1C5C7289002CC7E8 /* LDCombobox.m in Sources */ = {isa = PBXBuildFile; fileRef = 08E0B8CB1C5C7289002CC7E8 /* LDCombobox.m */; settings = {ASSET_TAGS = (); }; };
		08E0B8CF1C5DC103002CC7E8 /* LDCombobxView.m in Sources */ = {isa = PBXBuildFile; fileRef = 08E0B8CE1C5DC103002CC7E8 /* LDCombobxView.m */; settings = {ASSET_TAGS = (); }; };
		1325416CDE6234BBE67566E8 /* libPods.a in Frameworks */ = {isa = PBXBuildFile; fileRef = A0EC0F8E0A8F5C1A82A5EE53 /* libPods.a */; };
		B518D9CC1C5606ED00E15656 /* Accelerate.framework in Frameworks */ = {isa = PBXBuildFile; fileRef = B518D9CB1C5606ED00E15656 /* Accelerate.framework */; };
		B518D9D01C56099500E15656 /* UIImage+ImageEffects.m in Sources */ = {isa = PBXBuildFile; fileRef = B518D9CF1C56099500E15656 /* UIImage+ImageEffects.m */; };
		B518D9D31C560D8D00E15656 /* MDShopDataController.m in Sources */ = {isa = PBXBuildFile; fileRef = B518D9D21C560D8D00E15656 /* MDShopDataController.m */; };
		B518D9D71C560DBC00E15656 /* MDShopModel.m in Sources */ = {isa = PBXBuildFile; fileRef = B518D9D61C560DBC00E15656 /* MDShopModel.m */; };
		B518D9DE1C561A1300E15656 /* CheckBoxButton.m in Sources */ = {isa = PBXBuildFile; fileRef = B518D9DA1C561A1300E15656 /* CheckBoxButton.m */; };
		B518D9DF1C561A1300E15656 /* NumberBoxView.m in Sources */ = {isa = PBXBuildFile; fileRef = B518D9DD1C561A1300E15656 /* NumberBoxView.m */; };
		B518D9E31C561A6D00E15656 /* MDCartTableViewCell.m in Sources */ = {isa = PBXBuildFile; fileRef = B518D9E21C561A6D00E15656 /* MDCartTableViewCell.m */; };
		B518D9E71C561B0000E15656 /* MDCartModel.m in Sources */ = {isa = PBXBuildFile; fileRef = B518D9E61C561B0000E15656 /* MDCartModel.m */; };
		B518D9EB1C561B6300E15656 /* MDCartDataController.m in Sources */ = {isa = PBXBuildFile; fileRef = B518D9EA1C561B6300E15656 /* MDCartDataController.m */; };
		B54AF8A01C59E6820047FEB6 /* MDSearchNormalTableViewCell.m in Sources */ = {isa = PBXBuildFile; fileRef = B54AF89F1C59E6820047FEB6 /* MDSearchNormalTableViewCell.m */; };
		B54AF8A31C5A03A10047FEB6 /* MDSearchDataController.m in Sources */ = {isa = PBXBuildFile; fileRef = B54AF8A21C5A03A10047FEB6 /* MDSearchDataController.m */; };
		B54AF8A61C5A069D0047FEB6 /* MDSearchModel.m in Sources */ = {isa = PBXBuildFile; fileRef = B54AF8A51C5A069D0047FEB6 /* MDSearchModel.m */; };
		B5995CB71C5072F1006B5697 /* LDProgressView.m in Sources */ = {isa = PBXBuildFile; fileRef = B5995CB61C5072F1006B5697 /* LDProgressView.m */; };
		B5995CBA1C508F4B006B5697 /* MMMaterialDesignSpinner.m in Sources */ = {isa = PBXBuildFile; fileRef = B5995CB91C508F4B006B5697 /* MMMaterialDesignSpinner.m */; };
		B5995CBD1C50B045006B5697 /* MDBaseViewController.m in Sources */ = {isa = PBXBuildFile; fileRef = B5995CBC1C50B045006B5697 /* MDBaseViewController.m */; };
		B5995CC01C50CE13006B5697 /* MDAppData.m in Sources */ = {isa = PBXBuildFile; fileRef = B5995CBF1C50CE13006B5697 /* MDAppData.m */; };
		B5995CC31C50CF50006B5697 /* MDDataCache.m in Sources */ = {isa = PBXBuildFile; fileRef = B5995CC21C50CF50006B5697 /* MDDataCache.m */; };
		B5995CC61C50DA3D006B5697 /* MDFluentDB.m in Sources */ = {isa = PBXBuildFile; fileRef = B5995CC51C50DA3D006B5697 /* MDFluentDB.m */; };
		B59A99791C449ED600A8A6FC /* main.m in Sources */ = {isa = PBXBuildFile; fileRef = B59A99781C449ED600A8A6FC /* main.m */; };
		B59A997C1C449ED600A8A6FC /* AppDelegate.m in Sources */ = {isa = PBXBuildFile; fileRef = B59A997B1C449ED600A8A6FC /* AppDelegate.m */; };
		B59A99841C449ED600A8A6FC /* Assets.xcassets in Resources */ = {isa = PBXBuildFile; fileRef = B59A99831C449ED600A8A6FC /* Assets.xcassets */; };
		B59A99871C449ED600A8A6FC /* LaunchScreen.storyboard in Resources */ = {isa = PBXBuildFile; fileRef = B59A99851C449ED600A8A6FC /* LaunchScreen.storyboard */; };
		B59A99921C449ED600A8A6FC /* TureTopValuePurchaseDemoTests.m in Sources */ = {isa = PBXBuildFile; fileRef = B59A99911C449ED600A8A6FC /* TureTopValuePurchaseDemoTests.m */; };
		B59A999D1C449ED600A8A6FC /* TureTopValuePurchaseDemoUITests.m in Sources */ = {isa = PBXBuildFile; fileRef = B59A999C1C449ED600A8A6FC /* TureTopValuePurchaseDemoUITests.m */; };
		B59A99B81C44ACBB00A8A6FC /* MDNavigationController.m in Sources */ = {isa = PBXBuildFile; fileRef = B59A99B71C44ACBB00A8A6FC /* MDNavigationController.m */; };
		B59A99BB1C44AEA200A8A6FC /* MDTabBarController.m in Sources */ = {isa = PBXBuildFile; fileRef = B59A99BA1C44AEA200A8A6FC /* MDTabBarController.m */; };
		B59A99BF1C44AFD900A8A6FC /* MDHomeViewController.m in Sources */ = {isa = PBXBuildFile; fileRef = B59A99BE1C44AFD900A8A6FC /* MDHomeViewController.m */; };
		B59A99C61C44B0CC00A8A6FC /* MDWebViewController.m in Sources */ = {isa = PBXBuildFile; fileRef = B59A99C51C44B0CC00A8A6FC /* MDWebViewController.m */; };
		B59A99C91C44B13E00A8A6FC /* MDCartViewController.m in Sources */ = {isa = PBXBuildFile; fileRef = B59A99C81C44B13E00A8A6FC /* MDCartViewController.m */; };
		B59A99CC1C44B18C00A8A6FC /* MDShopManagementViewController.m in Sources */ = {isa = PBXBuildFile; fileRef = B59A99CB1C44B18C00A8A6FC /* MDShopManagementViewController.m */; };
		B59A99CF1C44B1A100A8A6FC /* MDClassesViewController.m in Sources */ = {isa = PBXBuildFile; fileRef = B59A99CE1C44B1A100A8A6FC /* MDClassesViewController.m */; };
		B59A99D21C44B1BB00A8A6FC /* MDPersonalCenterViewController.m in Sources */ = {isa = PBXBuildFile; fileRef = B59A99D11C44B1BB00A8A6FC /* MDPersonalCenterViewController.m */; };
		B59A99D61C44F64800A8A6FC /* LDynamicLabel.m in Sources */ = {isa = PBXBuildFile; fileRef = B59A99D51C44F64800A8A6FC /* LDynamicLabel.m */; };
		B59B82441C4F393300BF9AB9 /* Localizable.strings in Resources */ = {isa = PBXBuildFile; fileRef = B59B82431C4F393300BF9AB9 /* Localizable.strings */; };
		B59B824C1C4F593B00BF9AB9 /* MDAPIConfig.m in Sources */ = {isa = PBXBuildFile; fileRef = B59B824B1C4F593B00BF9AB9 /* MDAPIConfig.m */; };
		B59B824F1C4F68F400BF9AB9 /* MDPageConfig.m in Sources */ = {isa = PBXBuildFile; fileRef = B59B824E1C4F68F400BF9AB9 /* MDPageConfig.m */; };
		B59B82521C4F7C7000BF9AB9 /* MDHttpManager.m in Sources */ = {isa = PBXBuildFile; fileRef = B59B82511C4F7C7000BF9AB9 /* MDHttpManager.m */; };
		B59E8A041C47304C005CEA25 /* LDUtils.m in Sources */ = {isa = PBXBuildFile; fileRef = B59E8A031C47304C005CEA25 /* LDUtils.m */; };
		B59E8A081C47375E005CEA25 /* MDHomeModel.m in Sources */ = {isa = PBXBuildFile; fileRef = B59E8A071C47375E005CEA25 /* MDHomeModel.m */; };
		B59E8A121C4740C8005CEA25 /* MDHomeDataController.m in Sources */ = {isa = PBXBuildFile; fileRef = B59E8A111C4740C8005CEA25 /* MDHomeDataController.m */; };
		B59E8A1B1C475272005CEA25 /* ImageCarouselView.m in Sources */ = {isa = PBXBuildFile; fileRef = B59E8A181C475272005CEA25 /* ImageCarouselView.m */; };
		B59E8A1C1C475272005CEA25 /* ImageCarouselViewCell.m in Sources */ = {isa = PBXBuildFile; fileRef = B59E8A1A1C475272005CEA25 /* ImageCarouselViewCell.m */; };
		B5A0B2B21C4C909600C8DD6D /* LDSearchPopTransition.m in Sources */ = {isa = PBXBuildFile; fileRef = B5A0B2B11C4C909600C8DD6D /* LDSearchPopTransition.m */; };
		B5B67CA91C4629F600E7A902 /* LDSearchBar.m in Sources */ = {isa = PBXBuildFile; fileRef = B5B67CA81C4629F600E7A902 /* LDSearchBar.m */; };
		B5C677841C51C5780020C71F /* Reachability.m in Sources */ = {isa = PBXBuildFile; fileRef = B5C677831C51C5780020C71F /* Reachability.m */; };
		B5C677861C51C7860020C71F /* CoreTelephony.framework in Frameworks */ = {isa = PBXBuildFile; fileRef = B5C677851C51C7860020C71F /* CoreTelephony.framework */; };
		B5C677881C51CBDB0020C71F /* libsqlite3.0.tbd in Frameworks */ = {isa = PBXBuildFile; fileRef = B5C677871C51CBDB0020C71F /* libsqlite3.0.tbd */; };
		B5C6778B1C51D3680020C71F /* MDCommon.m in Sources */ = {isa = PBXBuildFile; fileRef = B5C6778A1C51D3680020C71F /* MDCommon.m */; };
		B5C677901C51E7E70020C71F /* MDLoginViewController.m in Sources */ = {isa = PBXBuildFile; fileRef = B5C6778F1C51E7E70020C71F /* MDLoginViewController.m */; };
		B5C677931C51E90B0020C71F /* LDAlertController.m in Sources */ = {isa = PBXBuildFile; fileRef = B5C677921C51E90B0020C71F /* LDAlertController.m */; };
		B5C677961C52197F0020C71F /* NSString+Extension.m in Sources */ = {isa = PBXBuildFile; fileRef = B5C677951C52197F0020C71F /* NSString+Extension.m */; };
		B5C6779D1C522DFC0020C71F /* MD5Hepler.m in Sources */ = {isa = PBXBuildFile; fileRef = B5C677981C522DFC0020C71F /* MD5Hepler.m */; };
		B5C6779E1C522DFC0020C71F /* MDLocationManager.m in Sources */ = {isa = PBXBuildFile; fileRef = B5C6779A1C522DFC0020C71F /* MDLocationManager.m */; };
		B5C6779F1C522DFC0020C71F /* MDUserDefaultHelper.m in Sources */ = {isa = PBXBuildFile; fileRef = B5C6779C1C522DFC0020C71F /* MDUserDefaultHelper.m */; };
		B5C677A31C5230F50020C71F /* MDLoginDataController.m in Sources */ = {isa = PBXBuildFile; fileRef = B5C677A21C5230F50020C71F /* MDLoginDataController.m */; };
		B5E0B58A1C5708300083D87C /* MDPersonCenterModel.m in Sources */ = {isa = PBXBuildFile; fileRef = B5E0B5891C5708300083D87C /* MDPersonCenterModel.m */; };
		B5E0B58E1C5709EB0083D87C /* MDPersonCenterDataController.m in Sources */ = {isa = PBXBuildFile; fileRef = B5E0B58D1C5709EB0083D87C /* MDPersonCenterDataController.m */; };
		B5E0B5921C57170A0083D87C /* MDPersonCenterNormalTableViewCell.m in Sources */ = {isa = PBXBuildFile; fileRef = B5E0B5911C57170A0083D87C /* MDPersonCenterNormalTableViewCell.m */; };
		B5E0B5951C57425E0083D87C /* MDPersonCenterInformationTableViewCell.m in Sources */ = {isa = PBXBuildFile; fileRef = B5E0B5941C57425E0083D87C /* MDPersonCenterInformationTableViewCell.m */; };
		B5E0B5981C5777DD0083D87C /* MDPersonCenterOrderTableViewCell.m in Sources */ = {isa = PBXBuildFile; fileRef = B5E0B5971C5777DD0083D87C /* MDPersonCenterOrderTableViewCell.m */; };
		B5E0B59B1C57782F0083D87C /* MDPersonCenterAccountTableViewCell.m in Sources */ = {isa = PBXBuildFile; fileRef = B5E0B59A1C57782F0083D87C /* MDPersonCenterAccountTableViewCell.m */; };
		B5FC38611C531F37003D74A2 /* CollectionHeader.m in Sources */ = {isa = PBXBuildFile; fileRef = B5FC38571C531F37003D74A2 /* CollectionHeader.m */; };
		B5FC38621C531F37003D74A2 /* CollectionHeader.xib in Resources */ = {isa = PBXBuildFile; fileRef = B5FC38581C531F37003D74A2 /* CollectionHeader.xib */; };
		B5FC38631C531F37003D74A2 /* MultilevelCollectionViewCell.m in Sources */ = {isa = PBXBuildFile; fileRef = B5FC385A1C531F37003D74A2 /* MultilevelCollectionViewCell.m */; };
		B5FC38641C531F37003D74A2 /* MultilevelCollectionViewCell.xib in Resources */ = {isa = PBXBuildFile; fileRef = B5FC385B1C531F37003D74A2 /* MultilevelCollectionViewCell.xib */; };
		B5FC38651C531F37003D74A2 /* MultilevelTableViewCell.m in Sources */ = {isa = PBXBuildFile; fileRef = B5FC385D1C531F37003D74A2 /* MultilevelTableViewCell.m */; };
		B5FC38661C531F37003D74A2 /* MultilevelTableViewCell.xib in Resources */ = {isa = PBXBuildFile; fileRef = B5FC385E1C531F37003D74A2 /* MultilevelTableViewCell.xib */; };
		B5FC38671C531F37003D74A2 /* MultilevelMenu.m in Sources */ = {isa = PBXBuildFile; fileRef = B5FC38601C531F37003D74A2 /* MultilevelMenu.m */; };
		B5FC386B1C53229F003D74A2 /* MDClassesDataController.m in Sources */ = {isa = PBXBuildFile; fileRef = B5FC386A1C53229F003D74A2 /* MDClassesDataController.m */; };
		B5FC386F1C53258E003D74A2 /* MDClassesModel.m in Sources */ = {isa = PBXBuildFile; fileRef = B5FC386E1C53258E003D74A2 /* MDClassesModel.m */; };
		B5FC38721C536551003D74A2 /* MDShopViewController.m in Sources */ = {isa = PBXBuildFile; fileRef = B5FC38711C536551003D74A2 /* MDShopViewController.m */; };
		B5FFCEC01C489B020096B438 /* MDHomeBannerFoundationTableViewCell.m in Sources */ = {isa = PBXBuildFile; fileRef = B5FFCEB91C489B020096B438 /* MDHomeBannerFoundationTableViewCell.m */; };
		B5FFCEC11C489B020096B438 /* MDHomeLikeProductTableViewCell.m in Sources */ = {isa = PBXBuildFile; fileRef = B5FFCEBB1C489B020096B438 /* MDHomeLikeProductTableViewCell.m */; };
		B5FFCEC21C489B020096B438 /* MDHomeRedClassesTableViewCell.m in Sources */ = {isa = PBXBuildFile; fileRef = B5FFCEBD1C489B020096B438 /* MDHomeRedClassesTableViewCell.m */; };
		B5FFCEC31C489B020096B438 /* MDHomeRedShopTableViewCell.m in Sources */ = {isa = PBXBuildFile; fileRef = B5FFCEBF1C489B020096B438 /* MDHomeRedShopTableViewCell.m */; };
		B5FFCEC61C489B6B0096B438 /* MDHomeLikeProductTipTableViewCell.m in Sources */ = {isa = PBXBuildFile; fileRef = B5FFCEC51C489B6B0096B438 /* MDHomeLikeProductTipTableViewCell.m */; };
/* End PBXBuildFile section */

/* Begin PBXContainerItemProxy section */
		B59A998E1C449ED600A8A6FC /* PBXContainerItemProxy */ = {
			isa = PBXContainerItemProxy;
			containerPortal = B59A996C1C449ED600A8A6FC /* Project object */;
			proxyType = 1;
			remoteGlobalIDString = B59A99731C449ED600A8A6FC;
			remoteInfo = TureTopValuePurchaseDemo;
		};
		B59A99991C449ED600A8A6FC /* PBXContainerItemProxy */ = {
			isa = PBXContainerItemProxy;
			containerPortal = B59A996C1C449ED600A8A6FC /* Project object */;
			proxyType = 1;
			remoteGlobalIDString = B59A99731C449ED600A8A6FC;
			remoteInfo = TureTopValuePurchaseDemo;
		};
/* End PBXContainerItemProxy section */

/* Begin PBXFileReference section */
		086CAAB41C49E5D000D23761 /* MDSearchViewController.h */ = {isa = PBXFileReference; fileEncoding = 4; lastKnownFileType = sourcecode.c.h; path = MDSearchViewController.h; sourceTree = "<group>"; };
		086CAAB51C49E5D000D23761 /* MDSearchViewController.m */ = {isa = PBXFileReference; fileEncoding = 4; lastKnownFileType = sourcecode.c.objc; path = MDSearchViewController.m; sourceTree = "<group>"; };
		086CAAB71C49F28800D23761 /* LDSearchViewController.h */ = {isa = PBXFileReference; fileEncoding = 4; lastKnownFileType = sourcecode.c.h; path = LDSearchViewController.h; sourceTree = "<group>"; };
		086CAAB81C49F28800D23761 /* LDSearchViewController.m */ = {isa = PBXFileReference; fileEncoding = 4; lastKnownFileType = sourcecode.c.objc; path = LDSearchViewController.m; sourceTree = "<group>"; };
		08E0B8CA1C5C7289002CC7E8 /* LDCombobox.h */ = {isa = PBXFileReference; fileEncoding = 4; lastKnownFileType = sourcecode.c.h; path = LDCombobox.h; sourceTree = "<group>"; };
		08E0B8CB1C5C7289002CC7E8 /* LDCombobox.m */ = {isa = PBXFileReference; fileEncoding = 4; lastKnownFileType = sourcecode.c.objc; path = LDCombobox.m; sourceTree = "<group>"; };
		08E0B8CD1C5DC103002CC7E8 /* LDCombobxView.h */ = {isa = PBXFileReference; fileEncoding = 4; lastKnownFileType = sourcecode.c.h; path = LDCombobxView.h; sourceTree = "<group>"; };
		08E0B8CE1C5DC103002CC7E8 /* LDCombobxView.m */ = {isa = PBXFileReference; fileEncoding = 4; lastKnownFileType = sourcecode.c.objc; path = LDCombobxView.m; sourceTree = "<group>"; };
		77AD9FCC4ED070F09FB03E4D /* Pods.release.xcconfig */ = {isa = PBXFileReference; includeInIndex = 1; lastKnownFileType = text.xcconfig; name = Pods.release.xcconfig; path = "Pods/Target Support Files/Pods/Pods.release.xcconfig"; sourceTree = "<group>"; };
		A0EC0F8E0A8F5C1A82A5EE53 /* libPods.a */ = {isa = PBXFileReference; explicitFileType = archive.ar; includeInIndex = 0; path = libPods.a; sourceTree = BUILT_PRODUCTS_DIR; };
		B518D9CB1C5606ED00E15656 /* Accelerate.framework */ = {isa = PBXFileReference; lastKnownFileType = wrapper.framework; name = Accelerate.framework; path = System/Library/Frameworks/Accelerate.framework; sourceTree = SDKROOT; };
		B518D9CE1C56099500E15656 /* UIImage+ImageEffects.h */ = {isa = PBXFileReference; fileEncoding = 4; lastKnownFileType = sourcecode.c.h; path = "UIImage+ImageEffects.h"; sourceTree = "<group>"; };
		B518D9CF1C56099500E15656 /* UIImage+ImageEffects.m */ = {isa = PBXFileReference; fileEncoding = 4; lastKnownFileType = sourcecode.c.objc; path = "UIImage+ImageEffects.m"; sourceTree = "<group>"; };
		B518D9D11C560D8D00E15656 /* MDShopDataController.h */ = {isa = PBXFileReference; fileEncoding = 4; lastKnownFileType = sourcecode.c.h; path = MDShopDataController.h; sourceTree = "<group>"; };
		B518D9D21C560D8D00E15656 /* MDShopDataController.m */ = {isa = PBXFileReference; fileEncoding = 4; lastKnownFileType = sourcecode.c.objc; path = MDShopDataController.m; sourceTree = "<group>"; };
		B518D9D51C560DBC00E15656 /* MDShopModel.h */ = {isa = PBXFileReference; fileEncoding = 4; lastKnownFileType = sourcecode.c.h; path = MDShopModel.h; sourceTree = "<group>"; };
		B518D9D61C560DBC00E15656 /* MDShopModel.m */ = {isa = PBXFileReference; fileEncoding = 4; lastKnownFileType = sourcecode.c.objc; path = MDShopModel.m; sourceTree = "<group>"; };
		B518D9D91C561A1300E15656 /* CheckBoxButton.h */ = {isa = PBXFileReference; fileEncoding = 4; lastKnownFileType = sourcecode.c.h; path = CheckBoxButton.h; sourceTree = "<group>"; };
		B518D9DA1C561A1300E15656 /* CheckBoxButton.m */ = {isa = PBXFileReference; fileEncoding = 4; lastKnownFileType = sourcecode.c.objc; path = CheckBoxButton.m; sourceTree = "<group>"; };
		B518D9DC1C561A1300E15656 /* NumberBoxView.h */ = {isa = PBXFileReference; fileEncoding = 4; lastKnownFileType = sourcecode.c.h; path = NumberBoxView.h; sourceTree = "<group>"; };
		B518D9DD1C561A1300E15656 /* NumberBoxView.m */ = {isa = PBXFileReference; fileEncoding = 4; lastKnownFileType = sourcecode.c.objc; path = NumberBoxView.m; sourceTree = "<group>"; };
		B518D9E11C561A6D00E15656 /* MDCartTableViewCell.h */ = {isa = PBXFileReference; fileEncoding = 4; lastKnownFileType = sourcecode.c.h; path = MDCartTableViewCell.h; sourceTree = "<group>"; };
		B518D9E21C561A6D00E15656 /* MDCartTableViewCell.m */ = {isa = PBXFileReference; fileEncoding = 4; lastKnownFileType = sourcecode.c.objc; path = MDCartTableViewCell.m; sourceTree = "<group>"; };
		B518D9E51C561B0000E15656 /* MDCartModel.h */ = {isa = PBXFileReference; fileEncoding = 4; lastKnownFileType = sourcecode.c.h; path = MDCartModel.h; sourceTree = "<group>"; };
		B518D9E61C561B0000E15656 /* MDCartModel.m */ = {isa = PBXFileReference; fileEncoding = 4; lastKnownFileType = sourcecode.c.objc; path = MDCartModel.m; sourceTree = "<group>"; };
		B518D9E91C561B6300E15656 /* MDCartDataController.h */ = {isa = PBXFileReference; fileEncoding = 4; lastKnownFileType = sourcecode.c.h; path = MDCartDataController.h; sourceTree = "<group>"; };
		B518D9EA1C561B6300E15656 /* MDCartDataController.m */ = {isa = PBXFileReference; fileEncoding = 4; lastKnownFileType = sourcecode.c.objc; path = MDCartDataController.m; sourceTree = "<group>"; };
		B54AF89E1C59E6820047FEB6 /* MDSearchNormalTableViewCell.h */ = {isa = PBXFileReference; fileEncoding = 4; lastKnownFileType = sourcecode.c.h; path = MDSearchNormalTableViewCell.h; sourceTree = "<group>"; };
		B54AF89F1C59E6820047FEB6 /* MDSearchNormalTableViewCell.m */ = {isa = PBXFileReference; fileEncoding = 4; lastKnownFileType = sourcecode.c.objc; path = MDSearchNormalTableViewCell.m; sourceTree = "<group>"; };
		B54AF8A11C5A03A10047FEB6 /* MDSearchDataController.h */ = {isa = PBXFileReference; fileEncoding = 4; lastKnownFileType = sourcecode.c.h; path = MDSearchDataController.h; sourceTree = "<group>"; };
		B54AF8A21C5A03A10047FEB6 /* MDSearchDataController.m */ = {isa = PBXFileReference; fileEncoding = 4; lastKnownFileType = sourcecode.c.objc; path = MDSearchDataController.m; sourceTree = "<group>"; };
		B54AF8A41C5A069D0047FEB6 /* MDSearchModel.h */ = {isa = PBXFileReference; fileEncoding = 4; lastKnownFileType = sourcecode.c.h; path = MDSearchModel.h; sourceTree = "<group>"; };
		B54AF8A51C5A069D0047FEB6 /* MDSearchModel.m */ = {isa = PBXFileReference; fileEncoding = 4; lastKnownFileType = sourcecode.c.objc; path = MDSearchModel.m; sourceTree = "<group>"; };
		B5995CB51C5072F1006B5697 /* LDProgressView.h */ = {isa = PBXFileReference; fileEncoding = 4; lastKnownFileType = sourcecode.c.h; path = LDProgressView.h; sourceTree = "<group>"; };
		B5995CB61C5072F1006B5697 /* LDProgressView.m */ = {isa = PBXFileReference; fileEncoding = 4; lastKnownFileType = sourcecode.c.objc; path = LDProgressView.m; sourceTree = "<group>"; };
		B5995CB81C508F4B006B5697 /* MMMaterialDesignSpinner.h */ = {isa = PBXFileReference; fileEncoding = 4; lastKnownFileType = sourcecode.c.h; path = MMMaterialDesignSpinner.h; sourceTree = "<group>"; };
		B5995CB91C508F4B006B5697 /* MMMaterialDesignSpinner.m */ = {isa = PBXFileReference; fileEncoding = 4; lastKnownFileType = sourcecode.c.objc; path = MMMaterialDesignSpinner.m; sourceTree = "<group>"; };
		B5995CBB1C50B045006B5697 /* MDBaseViewController.h */ = {isa = PBXFileReference; fileEncoding = 4; lastKnownFileType = sourcecode.c.h; path = MDBaseViewController.h; sourceTree = "<group>"; };
		B5995CBC1C50B045006B5697 /* MDBaseViewController.m */ = {isa = PBXFileReference; fileEncoding = 4; lastKnownFileType = sourcecode.c.objc; path = MDBaseViewController.m; sourceTree = "<group>"; };
		B5995CBE1C50CE13006B5697 /* MDAppData.h */ = {isa = PBXFileReference; fileEncoding = 4; lastKnownFileType = sourcecode.c.h; path = MDAppData.h; sourceTree = "<group>"; };
		B5995CBF1C50CE13006B5697 /* MDAppData.m */ = {isa = PBXFileReference; fileEncoding = 4; lastKnownFileType = sourcecode.c.objc; path = MDAppData.m; sourceTree = "<group>"; };
		B5995CC11C50CF50006B5697 /* MDDataCache.h */ = {isa = PBXFileReference; fileEncoding = 4; lastKnownFileType = sourcecode.c.h; path = MDDataCache.h; sourceTree = "<group>"; };
		B5995CC21C50CF50006B5697 /* MDDataCache.m */ = {isa = PBXFileReference; fileEncoding = 4; lastKnownFileType = sourcecode.c.objc; path = MDDataCache.m; sourceTree = "<group>"; };
		B5995CC41C50DA3D006B5697 /* MDFluentDB.h */ = {isa = PBXFileReference; fileEncoding = 4; lastKnownFileType = sourcecode.c.h; path = MDFluentDB.h; sourceTree = "<group>"; };
		B5995CC51C50DA3D006B5697 /* MDFluentDB.m */ = {isa = PBXFileReference; fileEncoding = 4; lastKnownFileType = sourcecode.c.objc; path = MDFluentDB.m; sourceTree = "<group>"; };
		B59A99741C449ED600A8A6FC /* TureTopValuePurchaseDemo.app */ = {isa = PBXFileReference; explicitFileType = wrapper.application; includeInIndex = 0; path = TureTopValuePurchaseDemo.app; sourceTree = BUILT_PRODUCTS_DIR; };
		B59A99781C449ED600A8A6FC /* main.m */ = {isa = PBXFileReference; lastKnownFileType = sourcecode.c.objc; path = main.m; sourceTree = "<group>"; };
		B59A997A1C449ED600A8A6FC /* AppDelegate.h */ = {isa = PBXFileReference; lastKnownFileType = sourcecode.c.h; path = AppDelegate.h; sourceTree = "<group>"; };
		B59A997B1C449ED600A8A6FC /* AppDelegate.m */ = {isa = PBXFileReference; lastKnownFileType = sourcecode.c.objc; path = AppDelegate.m; sourceTree = "<group>"; };
		B59A99831C449ED600A8A6FC /* Assets.xcassets */ = {isa = PBXFileReference; lastKnownFileType = folder.assetcatalog; path = Assets.xcassets; sourceTree = "<group>"; };
		B59A99861C449ED600A8A6FC /* Base */ = {isa = PBXFileReference; lastKnownFileType = file.storyboard; name = Base; path = Base.lproj/LaunchScreen.storyboard; sourceTree = "<group>"; };
		B59A99881C449ED600A8A6FC /* Info.plist */ = {isa = PBXFileReference; lastKnownFileType = text.plist.xml; path = Info.plist; sourceTree = "<group>"; };
		B59A998D1C449ED600A8A6FC /* TureTopValuePurchaseDemoTests.xctest */ = {isa = PBXFileReference; explicitFileType = wrapper.cfbundle; includeInIndex = 0; path = TureTopValuePurchaseDemoTests.xctest; sourceTree = BUILT_PRODUCTS_DIR; };
		B59A99911C449ED600A8A6FC /* TureTopValuePurchaseDemoTests.m */ = {isa = PBXFileReference; lastKnownFileType = sourcecode.c.objc; path = TureTopValuePurchaseDemoTests.m; sourceTree = "<group>"; };
		B59A99931C449ED600A8A6FC /* Info.plist */ = {isa = PBXFileReference; lastKnownFileType = text.plist.xml; path = Info.plist; sourceTree = "<group>"; };
		B59A99981C449ED600A8A6FC /* TureTopValuePurchaseDemoUITests.xctest */ = {isa = PBXFileReference; explicitFileType = wrapper.cfbundle; includeInIndex = 0; path = TureTopValuePurchaseDemoUITests.xctest; sourceTree = BUILT_PRODUCTS_DIR; };
		B59A999C1C449ED600A8A6FC /* TureTopValuePurchaseDemoUITests.m */ = {isa = PBXFileReference; lastKnownFileType = sourcecode.c.objc; path = TureTopValuePurchaseDemoUITests.m; sourceTree = "<group>"; };
		B59A999E1C449ED600A8A6FC /* Info.plist */ = {isa = PBXFileReference; lastKnownFileType = text.plist.xml; path = Info.plist; sourceTree = "<group>"; };
		B59A99B31C44A44600A8A6FC /* TureTopValuePurchase-Prefix.pch */ = {isa = PBXFileReference; lastKnownFileType = sourcecode.c.h; path = "TureTopValuePurchase-Prefix.pch"; sourceTree = "<group>"; };
		B59A99B41C44A72800A8A6FC /* GlobalMacros.h */ = {isa = PBXFileReference; lastKnownFileType = sourcecode.c.h; path = GlobalMacros.h; sourceTree = "<group>"; };
		B59A99B61C44ACBB00A8A6FC /* MDNavigationController.h */ = {isa = PBXFileReference; fileEncoding = 4; lastKnownFileType = sourcecode.c.h; path = MDNavigationController.h; sourceTree = "<group>"; };
		B59A99B71C44ACBB00A8A6FC /* MDNavigationController.m */ = {isa = PBXFileReference; fileEncoding = 4; lastKnownFileType = sourcecode.c.objc; path = MDNavigationController.m; sourceTree = "<group>"; };
		B59A99B91C44AEA200A8A6FC /* MDTabBarController.h */ = {isa = PBXFileReference; fileEncoding = 4; lastKnownFileType = sourcecode.c.h; path = MDTabBarController.h; sourceTree = "<group>"; };
		B59A99BA1C44AEA200A8A6FC /* MDTabBarController.m */ = {isa = PBXFileReference; fileEncoding = 4; lastKnownFileType = sourcecode.c.objc; path = MDTabBarController.m; sourceTree = "<group>"; };
		B59A99BD1C44AFD900A8A6FC /* MDHomeViewController.h */ = {isa = PBXFileReference; fileEncoding = 4; lastKnownFileType = sourcecode.c.h; path = MDHomeViewController.h; sourceTree = "<group>"; };
		B59A99BE1C44AFD900A8A6FC /* MDHomeViewController.m */ = {isa = PBXFileReference; fileEncoding = 4; lastKnownFileType = sourcecode.c.objc; path = MDHomeViewController.m; sourceTree = "<group>"; };
		B59A99C41C44B0CC00A8A6FC /* MDWebViewController.h */ = {isa = PBXFileReference; fileEncoding = 4; lastKnownFileType = sourcecode.c.h; path = MDWebViewController.h; sourceTree = "<group>"; };
		B59A99C51C44B0CC00A8A6FC /* MDWebViewController.m */ = {isa = PBXFileReference; fileEncoding = 4; lastKnownFileType = sourcecode.c.objc; path = MDWebViewController.m; sourceTree = "<group>"; };
		B59A99C71C44B13E00A8A6FC /* MDCartViewController.h */ = {isa = PBXFileReference; fileEncoding = 4; lastKnownFileType = sourcecode.c.h; path = MDCartViewController.h; sourceTree = "<group>"; };
		B59A99C81C44B13E00A8A6FC /* MDCartViewController.m */ = {isa = PBXFileReference; fileEncoding = 4; lastKnownFileType = sourcecode.c.objc; path = MDCartViewController.m; sourceTree = "<group>"; };
		B59A99CA1C44B18C00A8A6FC /* MDShopManagementViewController.h */ = {isa = PBXFileReference; fileEncoding = 4; lastKnownFileType = sourcecode.c.h; path = MDShopManagementViewController.h; sourceTree = "<group>"; };
		B59A99CB1C44B18C00A8A6FC /* MDShopManagementViewController.m */ = {isa = PBXFileReference; fileEncoding = 4; lastKnownFileType = sourcecode.c.objc; path = MDShopManagementViewController.m; sourceTree = "<group>"; };
		B59A99CD1C44B1A100A8A6FC /* MDClassesViewController.h */ = {isa = PBXFileReference; fileEncoding = 4; lastKnownFileType = sourcecode.c.h; path = MDClassesViewController.h; sourceTree = "<group>"; };
		B59A99CE1C44B1A100A8A6FC /* MDClassesViewController.m */ = {isa = PBXFileReference; fileEncoding = 4; lastKnownFileType = sourcecode.c.objc; path = MDClassesViewController.m; sourceTree = "<group>"; };
		B59A99D01C44B1BB00A8A6FC /* MDPersonalCenterViewController.h */ = {isa = PBXFileReference; fileEncoding = 4; lastKnownFileType = sourcecode.c.h; path = MDPersonalCenterViewController.h; sourceTree = "<group>"; };
		B59A99D11C44B1BB00A8A6FC /* MDPersonalCenterViewController.m */ = {isa = PBXFileReference; fileEncoding = 4; lastKnownFileType = sourcecode.c.objc; path = MDPersonalCenterViewController.m; sourceTree = "<group>"; };
		B59A99D41C44F64800A8A6FC /* LDynamicLabel.h */ = {isa = PBXFileReference; fileEncoding = 4; lastKnownFileType = sourcecode.c.h; path = LDynamicLabel.h; sourceTree = "<group>"; };
		B59A99D51C44F64800A8A6FC /* LDynamicLabel.m */ = {isa = PBXFileReference; fileEncoding = 4; lastKnownFileType = sourcecode.c.objc; path = LDynamicLabel.m; sourceTree = "<group>"; };
		B59B82431C4F393300BF9AB9 /* Localizable.strings */ = {isa = PBXFileReference; fileEncoding = 4; lastKnownFileType = text.plist.strings; path = Localizable.strings; sourceTree = "<group>"; };
		B59B82461C4F3D1D00BF9AB9 /* AppConfig.h */ = {isa = PBXFileReference; lastKnownFileType = sourcecode.c.h; path = AppConfig.h; sourceTree = "<group>"; };
		B59B824A1C4F593B00BF9AB9 /* MDAPIConfig.h */ = {isa = PBXFileReference; fileEncoding = 4; lastKnownFileType = sourcecode.c.h; path = MDAPIConfig.h; sourceTree = "<group>"; };
		B59B824B1C4F593B00BF9AB9 /* MDAPIConfig.m */ = {isa = PBXFileReference; fileEncoding = 4; lastKnownFileType = sourcecode.c.objc; path = MDAPIConfig.m; sourceTree = "<group>"; };
		B59B824D1C4F68F400BF9AB9 /* MDPageConfig.h */ = {isa = PBXFileReference; fileEncoding = 4; lastKnownFileType = sourcecode.c.h; path = MDPageConfig.h; sourceTree = "<group>"; };
		B59B824E1C4F68F400BF9AB9 /* MDPageConfig.m */ = {isa = PBXFileReference; fileEncoding = 4; lastKnownFileType = sourcecode.c.objc; path = MDPageConfig.m; sourceTree = "<group>"; };
		B59B82501C4F7C7000BF9AB9 /* MDHttpManager.h */ = {isa = PBXFileReference; fileEncoding = 4; lastKnownFileType = sourcecode.c.h; path = MDHttpManager.h; sourceTree = "<group>"; };
		B59B82511C4F7C7000BF9AB9 /* MDHttpManager.m */ = {isa = PBXFileReference; fileEncoding = 4; lastKnownFileType = sourcecode.c.objc; path = MDHttpManager.m; sourceTree = "<group>"; };
		B59E8A021C47304C005CEA25 /* LDUtils.h */ = {isa = PBXFileReference; fileEncoding = 4; lastKnownFileType = sourcecode.c.h; path = LDUtils.h; sourceTree = "<group>"; };
		B59E8A031C47304C005CEA25 /* LDUtils.m */ = {isa = PBXFileReference; fileEncoding = 4; lastKnownFileType = sourcecode.c.objc; path = LDUtils.m; sourceTree = "<group>"; };
		B59E8A061C47375E005CEA25 /* MDHomeModel.h */ = {isa = PBXFileReference; fileEncoding = 4; lastKnownFileType = sourcecode.c.h; path = MDHomeModel.h; sourceTree = "<group>"; };
		B59E8A071C47375E005CEA25 /* MDHomeModel.m */ = {isa = PBXFileReference; fileEncoding = 4; lastKnownFileType = sourcecode.c.objc; path = MDHomeModel.m; sourceTree = "<group>"; };
		B59E8A101C4740C8005CEA25 /* MDHomeDataController.h */ = {isa = PBXFileReference; fileEncoding = 4; lastKnownFileType = sourcecode.c.h; path = MDHomeDataController.h; sourceTree = "<group>"; };
		B59E8A111C4740C8005CEA25 /* MDHomeDataController.m */ = {isa = PBXFileReference; fileEncoding = 4; lastKnownFileType = sourcecode.c.objc; path = MDHomeDataController.m; sourceTree = "<group>"; };
		B59E8A171C475272005CEA25 /* ImageCarouselView.h */ = {isa = PBXFileReference; fileEncoding = 4; lastKnownFileType = sourcecode.c.h; path = ImageCarouselView.h; sourceTree = "<group>"; };
		B59E8A181C475272005CEA25 /* ImageCarouselView.m */ = {isa = PBXFileReference; fileEncoding = 4; lastKnownFileType = sourcecode.c.objc; path = ImageCarouselView.m; sourceTree = "<group>"; };
		B59E8A191C475272005CEA25 /* ImageCarouselViewCell.h */ = {isa = PBXFileReference; fileEncoding = 4; lastKnownFileType = sourcecode.c.h; path = ImageCarouselViewCell.h; sourceTree = "<group>"; };
		B59E8A1A1C475272005CEA25 /* ImageCarouselViewCell.m */ = {isa = PBXFileReference; fileEncoding = 4; lastKnownFileType = sourcecode.c.objc; path = ImageCarouselViewCell.m; sourceTree = "<group>"; };
		B5A0B2B01C4C909600C8DD6D /* LDSearchPopTransition.h */ = {isa = PBXFileReference; fileEncoding = 4; lastKnownFileType = sourcecode.c.h; path = LDSearchPopTransition.h; sourceTree = "<group>"; };
		B5A0B2B11C4C909600C8DD6D /* LDSearchPopTransition.m */ = {isa = PBXFileReference; fileEncoding = 4; lastKnownFileType = sourcecode.c.objc; path = LDSearchPopTransition.m; sourceTree = "<group>"; };
		B5B67CA41C45E2EA00E7A902 /* MDEnum.h */ = {isa = PBXFileReference; lastKnownFileType = sourcecode.c.h; path = MDEnum.h; sourceTree = "<group>"; };
		B5B67CA71C4629F600E7A902 /* LDSearchBar.h */ = {isa = PBXFileReference; fileEncoding = 4; lastKnownFileType = sourcecode.c.h; path = LDSearchBar.h; sourceTree = "<group>"; };
		B5B67CA81C4629F600E7A902 /* LDSearchBar.m */ = {isa = PBXFileReference; fileEncoding = 4; lastKnownFileType = sourcecode.c.objc; path = LDSearchBar.m; sourceTree = "<group>"; };
		B5C677821C51C5780020C71F /* Reachability.h */ = {isa = PBXFileReference; fileEncoding = 4; lastKnownFileType = sourcecode.c.h; path = Reachability.h; sourceTree = "<group>"; };
		B5C677831C51C5780020C71F /* Reachability.m */ = {isa = PBXFileReference; fileEncoding = 4; lastKnownFileType = sourcecode.c.objc; path = Reachability.m; sourceTree = "<group>"; };
		B5C677851C51C7860020C71F /* CoreTelephony.framework */ = {isa = PBXFileReference; lastKnownFileType = wrapper.framework; name = CoreTelephony.framework; path = System/Library/Frameworks/CoreTelephony.framework; sourceTree = SDKROOT; };
		B5C677871C51CBDB0020C71F /* libsqlite3.0.tbd */ = {isa = PBXFileReference; lastKnownFileType = "sourcecode.text-based-dylib-definition"; name = libsqlite3.0.tbd; path = usr/lib/libsqlite3.0.tbd; sourceTree = SDKROOT; };
		B5C677891C51D3680020C71F /* MDCommon.h */ = {isa = PBXFileReference; fileEncoding = 4; lastKnownFileType = sourcecode.c.h; path = MDCommon.h; sourceTree = "<group>"; };
		B5C6778A1C51D3680020C71F /* MDCommon.m */ = {isa = PBXFileReference; fileEncoding = 4; lastKnownFileType = sourcecode.c.objc; path = MDCommon.m; sourceTree = "<group>"; };
		B5C6778E1C51E7E70020C71F /* MDLoginViewController.h */ = {isa = PBXFileReference; fileEncoding = 4; lastKnownFileType = sourcecode.c.h; path = MDLoginViewController.h; sourceTree = "<group>"; };
		B5C6778F1C51E7E70020C71F /* MDLoginViewController.m */ = {isa = PBXFileReference; fileEncoding = 4; lastKnownFileType = sourcecode.c.objc; path = MDLoginViewController.m; sourceTree = "<group>"; };
		B5C677911C51E90B0020C71F /* LDAlertController.h */ = {isa = PBXFileReference; fileEncoding = 4; lastKnownFileType = sourcecode.c.h; path = LDAlertController.h; sourceTree = "<group>"; };
		B5C677921C51E90B0020C71F /* LDAlertController.m */ = {isa = PBXFileReference; fileEncoding = 4; lastKnownFileType = sourcecode.c.objc; path = LDAlertController.m; sourceTree = "<group>"; };
		B5C677941C52197F0020C71F /* NSString+Extension.h */ = {isa = PBXFileReference; fileEncoding = 4; lastKnownFileType = sourcecode.c.h; path = "NSString+Extension.h"; sourceTree = "<group>"; };
		B5C677951C52197F0020C71F /* NSString+Extension.m */ = {isa = PBXFileReference; fileEncoding = 4; lastKnownFileType = sourcecode.c.objc; path = "NSString+Extension.m"; sourceTree = "<group>"; };
		B5C677971C522DFC0020C71F /* MD5Hepler.h */ = {isa = PBXFileReference; fileEncoding = 4; lastKnownFileType = sourcecode.c.h; path = MD5Hepler.h; sourceTree = "<group>"; };
		B5C677981C522DFC0020C71F /* MD5Hepler.m */ = {isa = PBXFileReference; fileEncoding = 4; lastKnownFileType = sourcecode.c.objc; path = MD5Hepler.m; sourceTree = "<group>"; };
		B5C677991C522DFC0020C71F /* MDLocationManager.h */ = {isa = PBXFileReference; fileEncoding = 4; lastKnownFileType = sourcecode.c.h; path = MDLocationManager.h; sourceTree = "<group>"; };
		B5C6779A1C522DFC0020C71F /* MDLocationManager.m */ = {isa = PBXFileReference; fileEncoding = 4; lastKnownFileType = sourcecode.c.objc; path = MDLocationManager.m; sourceTree = "<group>"; };
		B5C6779B1C522DFC0020C71F /* MDUserDefaultHelper.h */ = {isa = PBXFileReference; fileEncoding = 4; lastKnownFileType = sourcecode.c.h; path = MDUserDefaultHelper.h; sourceTree = "<group>"; };
		B5C6779C1C522DFC0020C71F /* MDUserDefaultHelper.m */ = {isa = PBXFileReference; fileEncoding = 4; lastKnownFileType = sourcecode.c.objc; path = MDUserDefaultHelper.m; sourceTree = "<group>"; };
		B5C677A11C5230F50020C71F /* MDLoginDataController.h */ = {isa = PBXFileReference; fileEncoding = 4; lastKnownFileType = sourcecode.c.h; path = MDLoginDataController.h; sourceTree = "<group>"; };
		B5C677A21C5230F50020C71F /* MDLoginDataController.m */ = {isa = PBXFileReference; fileEncoding = 4; lastKnownFileType = sourcecode.c.objc; path = MDLoginDataController.m; sourceTree = "<group>"; };
		B5E0B5881C5708300083D87C /* MDPersonCenterModel.h */ = {isa = PBXFileReference; fileEncoding = 4; lastKnownFileType = sourcecode.c.h; path = MDPersonCenterModel.h; sourceTree = "<group>"; };
		B5E0B5891C5708300083D87C /* MDPersonCenterModel.m */ = {isa = PBXFileReference; fileEncoding = 4; lastKnownFileType = sourcecode.c.objc; path = MDPersonCenterModel.m; sourceTree = "<group>"; };
		B5E0B58C1C5709EB0083D87C /* MDPersonCenterDataController.h */ = {isa = PBXFileReference; fileEncoding = 4; lastKnownFileType = sourcecode.c.h; path = MDPersonCenterDataController.h; sourceTree = "<group>"; };
		B5E0B58D1C5709EB0083D87C /* MDPersonCenterDataController.m */ = {isa = PBXFileReference; fileEncoding = 4; lastKnownFileType = sourcecode.c.objc; path = MDPersonCenterDataController.m; sourceTree = "<group>"; };
		B5E0B5901C57170A0083D87C /* MDPersonCenterNormalTableViewCell.h */ = {isa = PBXFileReference; fileEncoding = 4; lastKnownFileType = sourcecode.c.h; path = MDPersonCenterNormalTableViewCell.h; sourceTree = "<group>"; };
		B5E0B5911C57170A0083D87C /* MDPersonCenterNormalTableViewCell.m */ = {isa = PBXFileReference; fileEncoding = 4; lastKnownFileType = sourcecode.c.objc; path = MDPersonCenterNormalTableViewCell.m; sourceTree = "<group>"; };
		B5E0B5931C57425E0083D87C /* MDPersonCenterInformationTableViewCell.h */ = {isa = PBXFileReference; fileEncoding = 4; lastKnownFileType = sourcecode.c.h; path = MDPersonCenterInformationTableViewCell.h; sourceTree = "<group>"; };
		B5E0B5941C57425E0083D87C /* MDPersonCenterInformationTableViewCell.m */ = {isa = PBXFileReference; fileEncoding = 4; lastKnownFileType = sourcecode.c.objc; path = MDPersonCenterInformationTableViewCell.m; sourceTree = "<group>"; };
		B5E0B5961C5777DD0083D87C /* MDPersonCenterOrderTableViewCell.h */ = {isa = PBXFileReference; fileEncoding = 4; lastKnownFileType = sourcecode.c.h; path = MDPersonCenterOrderTableViewCell.h; sourceTree = "<group>"; };
		B5E0B5971C5777DD0083D87C /* MDPersonCenterOrderTableViewCell.m */ = {isa = PBXFileReference; fileEncoding = 4; lastKnownFileType = sourcecode.c.objc; path = MDPersonCenterOrderTableViewCell.m; sourceTree = "<group>"; };
		B5E0B5991C57782F0083D87C /* MDPersonCenterAccountTableViewCell.h */ = {isa = PBXFileReference; fileEncoding = 4; lastKnownFileType = sourcecode.c.h; path = MDPersonCenterAccountTableViewCell.h; sourceTree = "<group>"; };
		B5E0B59A1C57782F0083D87C /* MDPersonCenterAccountTableViewCell.m */ = {isa = PBXFileReference; fileEncoding = 4; lastKnownFileType = sourcecode.c.objc; path = MDPersonCenterAccountTableViewCell.m; sourceTree = "<group>"; };
		B5FC38561C531F37003D74A2 /* CollectionHeader.h */ = {isa = PBXFileReference; fileEncoding = 4; lastKnownFileType = sourcecode.c.h; path = CollectionHeader.h; sourceTree = "<group>"; };
		B5FC38571C531F37003D74A2 /* CollectionHeader.m */ = {isa = PBXFileReference; fileEncoding = 4; lastKnownFileType = sourcecode.c.objc; path = CollectionHeader.m; sourceTree = "<group>"; };
		B5FC38581C531F37003D74A2 /* CollectionHeader.xib */ = {isa = PBXFileReference; fileEncoding = 4; lastKnownFileType = file.xib; path = CollectionHeader.xib; sourceTree = "<group>"; };
		B5FC38591C531F37003D74A2 /* MultilevelCollectionViewCell.h */ = {isa = PBXFileReference; fileEncoding = 4; lastKnownFileType = sourcecode.c.h; path = MultilevelCollectionViewCell.h; sourceTree = "<group>"; };
		B5FC385A1C531F37003D74A2 /* MultilevelCollectionViewCell.m */ = {isa = PBXFileReference; fileEncoding = 4; lastKnownFileType = sourcecode.c.objc; path = MultilevelCollectionViewCell.m; sourceTree = "<group>"; };
		B5FC385B1C531F37003D74A2 /* MultilevelCollectionViewCell.xib */ = {isa = PBXFileReference; fileEncoding = 4; lastKnownFileType = file.xib; path = MultilevelCollectionViewCell.xib; sourceTree = "<group>"; };
		B5FC385C1C531F37003D74A2 /* MultilevelTableViewCell.h */ = {isa = PBXFileReference; fileEncoding = 4; lastKnownFileType = sourcecode.c.h; path = MultilevelTableViewCell.h; sourceTree = "<group>"; };
		B5FC385D1C531F37003D74A2 /* MultilevelTableViewCell.m */ = {isa = PBXFileReference; fileEncoding = 4; lastKnownFileType = sourcecode.c.objc; path = MultilevelTableViewCell.m; sourceTree = "<group>"; };
		B5FC385E1C531F37003D74A2 /* MultilevelTableViewCell.xib */ = {isa = PBXFileReference; fileEncoding = 4; lastKnownFileType = file.xib; path = MultilevelTableViewCell.xib; sourceTree = "<group>"; };
		B5FC385F1C531F37003D74A2 /* MultilevelMenu.h */ = {isa = PBXFileReference; fileEncoding = 4; lastKnownFileType = sourcecode.c.h; path = MultilevelMenu.h; sourceTree = "<group>"; };
		B5FC38601C531F37003D74A2 /* MultilevelMenu.m */ = {isa = PBXFileReference; fileEncoding = 4; lastKnownFileType = sourcecode.c.objc; path = MultilevelMenu.m; sourceTree = "<group>"; };
		B5FC38691C53229F003D74A2 /* MDClassesDataController.h */ = {isa = PBXFileReference; fileEncoding = 4; lastKnownFileType = sourcecode.c.h; path = MDClassesDataController.h; sourceTree = "<group>"; };
		B5FC386A1C53229F003D74A2 /* MDClassesDataController.m */ = {isa = PBXFileReference; fileEncoding = 4; lastKnownFileType = sourcecode.c.objc; path = MDClassesDataController.m; sourceTree = "<group>"; };
		B5FC386D1C53258E003D74A2 /* MDClassesModel.h */ = {isa = PBXFileReference; fileEncoding = 4; lastKnownFileType = sourcecode.c.h; path = MDClassesModel.h; sourceTree = "<group>"; };
		B5FC386E1C53258E003D74A2 /* MDClassesModel.m */ = {isa = PBXFileReference; fileEncoding = 4; lastKnownFileType = sourcecode.c.objc; path = MDClassesModel.m; sourceTree = "<group>"; };
		B5FC38701C536551003D74A2 /* MDShopViewController.h */ = {isa = PBXFileReference; fileEncoding = 4; lastKnownFileType = sourcecode.c.h; path = MDShopViewController.h; sourceTree = "<group>"; };
		B5FC38711C536551003D74A2 /* MDShopViewController.m */ = {isa = PBXFileReference; fileEncoding = 4; lastKnownFileType = sourcecode.c.objc; path = MDShopViewController.m; sourceTree = "<group>"; };
		B5FFCEB81C489B020096B438 /* MDHomeBannerFoundationTableViewCell.h */ = {isa = PBXFileReference; fileEncoding = 4; lastKnownFileType = sourcecode.c.h; path = MDHomeBannerFoundationTableViewCell.h; sourceTree = "<group>"; };
		B5FFCEB91C489B020096B438 /* MDHomeBannerFoundationTableViewCell.m */ = {isa = PBXFileReference; fileEncoding = 4; lastKnownFileType = sourcecode.c.objc; path = MDHomeBannerFoundationTableViewCell.m; sourceTree = "<group>"; };
		B5FFCEBA1C489B020096B438 /* MDHomeLikeProductTableViewCell.h */ = {isa = PBXFileReference; fileEncoding = 4; lastKnownFileType = sourcecode.c.h; path = MDHomeLikeProductTableViewCell.h; sourceTree = "<group>"; };
		B5FFCEBB1C489B020096B438 /* MDHomeLikeProductTableViewCell.m */ = {isa = PBXFileReference; fileEncoding = 4; lastKnownFileType = sourcecode.c.objc; path = MDHomeLikeProductTableViewCell.m; sourceTree = "<group>"; };
		B5FFCEBC1C489B020096B438 /* MDHomeRedClassesTableViewCell.h */ = {isa = PBXFileReference; fileEncoding = 4; lastKnownFileType = sourcecode.c.h; path = MDHomeRedClassesTableViewCell.h; sourceTree = "<group>"; };
		B5FFCEBD1C489B020096B438 /* MDHomeRedClassesTableViewCell.m */ = {isa = PBXFileReference; fileEncoding = 4; lastKnownFileType = sourcecode.c.objc; path = MDHomeRedClassesTableViewCell.m; sourceTree = "<group>"; };
		B5FFCEBE1C489B020096B438 /* MDHomeRedShopTableViewCell.h */ = {isa = PBXFileReference; fileEncoding = 4; lastKnownFileType = sourcecode.c.h; path = MDHomeRedShopTableViewCell.h; sourceTree = "<group>"; };
		B5FFCEBF1C489B020096B438 /* MDHomeRedShopTableViewCell.m */ = {isa = PBXFileReference; fileEncoding = 4; lastKnownFileType = sourcecode.c.objc; path = MDHomeRedShopTableViewCell.m; sourceTree = "<group>"; };
		B5FFCEC41C489B6B0096B438 /* MDHomeLikeProductTipTableViewCell.h */ = {isa = PBXFileReference; fileEncoding = 4; lastKnownFileType = sourcecode.c.h; path = MDHomeLikeProductTipTableViewCell.h; sourceTree = "<group>"; };
		B5FFCEC51C489B6B0096B438 /* MDHomeLikeProductTipTableViewCell.m */ = {isa = PBXFileReference; fileEncoding = 4; lastKnownFileType = sourcecode.c.objc; path = MDHomeLikeProductTipTableViewCell.m; sourceTree = "<group>"; };
		FB15C2096A20AF01F7CECC40 /* Pods.debug.xcconfig */ = {isa = PBXFileReference; includeInIndex = 1; lastKnownFileType = text.xcconfig; name = Pods.debug.xcconfig; path = "Pods/Target Support Files/Pods/Pods.debug.xcconfig"; sourceTree = "<group>"; };
/* End PBXFileReference section */

/* Begin PBXFrameworksBuildPhase section */
		B59A99711C449ED600A8A6FC /* Frameworks */ = {
			isa = PBXFrameworksBuildPhase;
			buildActionMask = 2147483647;
			files = (
				B518D9CC1C5606ED00E15656 /* Accelerate.framework in Frameworks */,
				B5C677881C51CBDB0020C71F /* libsqlite3.0.tbd in Frameworks */,
				B5C677861C51C7860020C71F /* CoreTelephony.framework in Frameworks */,
				1325416CDE6234BBE67566E8 /* libPods.a in Frameworks */,
			);
			runOnlyForDeploymentPostprocessing = 0;
		};
		B59A998A1C449ED600A8A6FC /* Frameworks */ = {
			isa = PBXFrameworksBuildPhase;
			buildActionMask = 2147483647;
			files = (
			);
			runOnlyForDeploymentPostprocessing = 0;
		};
		B59A99951C449ED600A8A6FC /* Frameworks */ = {
			isa = PBXFrameworksBuildPhase;
			buildActionMask = 2147483647;
			files = (
			);
			runOnlyForDeploymentPostprocessing = 0;
		};
/* End PBXFrameworksBuildPhase section */

/* Begin PBXGroup section */
		08E0B8C91C5C7259002CC7E8 /* LDCombobox */ = {
			isa = PBXGroup;
			children = (
				08E0B8CA1C5C7289002CC7E8 /* LDCombobox.h */,
				08E0B8CB1C5C7289002CC7E8 /* LDCombobox.m */,
				08E0B8CD1C5DC103002CC7E8 /* LDCombobxView.h */,
				08E0B8CE1C5DC103002CC7E8 /* LDCombobxView.m */,
			);
			path = LDCombobox;
			sourceTree = "<group>";
		};
		21D5BDD9096F68415C707616 /* Pods */ = {
			isa = PBXGroup;
			children = (
				FB15C2096A20AF01F7CECC40 /* Pods.debug.xcconfig */,
				77AD9FCC4ED070F09FB03E4D /* Pods.release.xcconfig */,
			);
			name = Pods;
			sourceTree = "<group>";
		};
		35EDC44EDBC14BCDEB06F646 /* Frameworks */ = {
			isa = PBXGroup;
			children = (
				B518D9CB1C5606ED00E15656 /* Accelerate.framework */,
				B5C677871C51CBDB0020C71F /* libsqlite3.0.tbd */,
				B5C677851C51C7860020C71F /* CoreTelephony.framework */,
				A0EC0F8E0A8F5C1A82A5EE53 /* libPods.a */,
			);
			name = Frameworks;
			sourceTree = "<group>";
		};
		B518D9CA1C55F64D00E15656 /* Shop */ = {
			isa = PBXGroup;
			children = (
				B518D9D11C560D8D00E15656 /* MDShopDataController.h */,
				B518D9D21C560D8D00E15656 /* MDShopDataController.m */,
			);
			path = Shop;
			sourceTree = "<group>";
		};
		B518D9CD1C56097600E15656 /* Image */ = {
			isa = PBXGroup;
			children = (
				B518D9CE1C56099500E15656 /* UIImage+ImageEffects.h */,
				B518D9CF1C56099500E15656 /* UIImage+ImageEffects.m */,
			);
			path = Image;
			sourceTree = "<group>";
		};
		B518D9D41C560D9D00E15656 /* Shop */ = {
			isa = PBXGroup;
			children = (
				B518D9D51C560DBC00E15656 /* MDShopModel.h */,
				B518D9D61C560DBC00E15656 /* MDShopModel.m */,
			);
			path = Shop;
			sourceTree = "<group>";
		};
		B518D9D81C561A1300E15656 /* Buttons */ = {
			isa = PBXGroup;
			children = (
				B518D9D91C561A1300E15656 /* CheckBoxButton.h */,
				B518D9DA1C561A1300E15656 /* CheckBoxButton.m */,
			);
			path = Buttons;
			sourceTree = "<group>";
		};
		B518D9DB1C561A1300E15656 /* Numbers */ = {
			isa = PBXGroup;
			children = (
				B518D9DC1C561A1300E15656 /* NumberBoxView.h */,
				B518D9DD1C561A1300E15656 /* NumberBoxView.m */,
			);
			path = Numbers;
			sourceTree = "<group>";
		};
		B518D9E01C561A6D00E15656 /* Cart */ = {
			isa = PBXGroup;
			children = (
				B518D9E11C561A6D00E15656 /* MDCartTableViewCell.h */,
				B518D9E21C561A6D00E15656 /* MDCartTableViewCell.m */,
			);
			path = Cart;
			sourceTree = "<group>";
		};
		B518D9E41C561AE500E15656 /* Cart */ = {
			isa = PBXGroup;
			children = (
				B518D9E51C561B0000E15656 /* MDCartModel.h */,
				B518D9E61C561B0000E15656 /* MDCartModel.m */,
			);
			path = Cart;
			sourceTree = "<group>";
		};
		B518D9E81C561B3F00E15656 /* Cart */ = {
			isa = PBXGroup;
			children = (
				B518D9E91C561B6300E15656 /* MDCartDataController.h */,
				B518D9EA1C561B6300E15656 /* MDCartDataController.m */,
			);
			path = Cart;
			sourceTree = "<group>";
		};
		B5995CB41C50726D006B5697 /* LDProgress */ = {
			isa = PBXGroup;
			children = (
				B5995CB81C508F4B006B5697 /* MMMaterialDesignSpinner.h */,
				B5995CB91C508F4B006B5697 /* MMMaterialDesignSpinner.m */,
				B5995CB51C5072F1006B5697 /* LDProgressView.h */,
				B5995CB61C5072F1006B5697 /* LDProgressView.m */,
			);
			path = LDProgress;
			sourceTree = "<group>";
		};
		B59A996B1C449ED600A8A6FC = {
			isa = PBXGroup;
			children = (
				B59A99761C449ED600A8A6FC /* TureTopValuePurchaseDemo */,
				B59A99901C449ED600A8A6FC /* TureTopValuePurchaseDemoTests */,
				B59A999B1C449ED600A8A6FC /* TureTopValuePurchaseDemoUITests */,
				B59A99751C449ED600A8A6FC /* Products */,
				21D5BDD9096F68415C707616 /* Pods */,
				35EDC44EDBC14BCDEB06F646 /* Frameworks */,
			);
			sourceTree = "<group>";
		};
		B59A99751C449ED600A8A6FC /* Products */ = {
			isa = PBXGroup;
			children = (
				B59A99741C449ED600A8A6FC /* TureTopValuePurchaseDemo.app */,
				B59A998D1C449ED600A8A6FC /* TureTopValuePurchaseDemoTests.xctest */,
				B59A99981C449ED600A8A6FC /* TureTopValuePurchaseDemoUITests.xctest */,
			);
			name = Products;
			sourceTree = "<group>";
		};
		B59A99761C449ED600A8A6FC /* TureTopValuePurchaseDemo */ = {
			isa = PBXGroup;
			children = (
				B59A99B21C44A2B700A8A6FC /* Macros */,
				B59A99B11C44A29E00A8A6FC /* Categories */,
				B59A99B01C44A29300A8A6FC /* Resources */,
				B59A99AF1C44A28900A8A6FC /* Helpers */,
				B59A99AE1C44A26E00A8A6FC /* DataControllers */,
				B59A99AD1C44A26700A8A6FC /* Controllers */,
				B59A99AC1C44A26100A8A6FC /* Models */,
				B59A99AB1C44A25B00A8A6FC /* Views */,
				B59A99AA1C44A24F00A8A6FC /* Vendors */,
				B59A99771C449ED600A8A6FC /* Supporting Files */,
			);
			path = TureTopValuePurchaseDemo;
			sourceTree = "<group>";
		};
		B59A99771C449ED600A8A6FC /* Supporting Files */ = {
			isa = PBXGroup;
			children = (
				B59A997A1C449ED600A8A6FC /* AppDelegate.h */,
				B59A997B1C449ED600A8A6FC /* AppDelegate.m */,
				B59A99851C449ED600A8A6FC /* LaunchScreen.storyboard */,
				B59A99881C449ED600A8A6FC /* Info.plist */,
				B59A99781C449ED600A8A6FC /* main.m */,
				B59A99B31C44A44600A8A6FC /* TureTopValuePurchase-Prefix.pch */,
				B59B82431C4F393300BF9AB9 /* Localizable.strings */,
			);
			name = "Supporting Files";
			sourceTree = "<group>";
		};
		B59A99901C449ED600A8A6FC /* TureTopValuePurchaseDemoTests */ = {
			isa = PBXGroup;
			children = (
				B59A99911C449ED600A8A6FC /* TureTopValuePurchaseDemoTests.m */,
				B59A99931C449ED600A8A6FC /* Info.plist */,
			);
			path = TureTopValuePurchaseDemoTests;
			sourceTree = "<group>";
		};
		B59A999B1C449ED600A8A6FC /* TureTopValuePurchaseDemoUITests */ = {
			isa = PBXGroup;
			children = (
				B59A999C1C449ED600A8A6FC /* TureTopValuePurchaseDemoUITests.m */,
				B59A999E1C449ED600A8A6FC /* Info.plist */,
			);
			path = TureTopValuePurchaseDemoUITests;
			sourceTree = "<group>";
		};
		B59A99AA1C44A24F00A8A6FC /* Vendors */ = {
			isa = PBXGroup;
			children = (
				08E0B8C91C5C7259002CC7E8 /* LDCombobox */,
				B5FC38541C531F37003D74A2 /* MultilevelMenu */,
				B5C6778C1C51DDE80020C71F /* LDAlertController */,
				B5C677811C51C5780020C71F /* Reachability */,
				B5995CB41C50726D006B5697 /* LDProgress */,
				B59E8A161C475261005CEA25 /* ImageCarouselView */,
				B59E89FE1C472FE4005CEA25 /* LDUtils */,
				B5B67CA61C4628D800E7A902 /* LDSearchBar */,
				B59A99D31C44F5AA00A8A6FC /* LDynamicLabel */,
			);
			path = Vendors;
			sourceTree = "<group>";
		};
		B59A99AB1C44A25B00A8A6FC /* Views */ = {
			isa = PBXGroup;
			children = (
				B5E0B58F1C5716960083D87C /* PersonCenter */,
				B518D9E01C561A6D00E15656 /* Cart */,
				B518D9D81C561A1300E15656 /* Buttons */,
				B518D9DB1C561A1300E15656 /* Numbers */,
				B5FFCEAA1C488C5E0096B438 /* Home */,
			);
			path = Views;
			sourceTree = "<group>";
		};
		B59A99AC1C44A26100A8A6FC /* Models */ = {
			isa = PBXGroup;
			children = (
				B5E0B5871C57071F0083D87C /* PersonCenter */,
				B518D9E41C561AE500E15656 /* Cart */,
				B518D9D41C560D9D00E15656 /* Shop */,
				B5FC386C1C532567003D74A2 /* Classes */,
				B59E8A051C4736CA005CEA25 /* Home */,
			);
			path = Models;
			sourceTree = "<group>";
		};
		B59A99AD1C44A26700A8A6FC /* Controllers */ = {
			isa = PBXGroup;
			children = (
				B5C6778D1C51E79E0020C71F /* Login */,
				B59A99C31C44B03A00A8A6FC /* Personal Center */,
				B59A99C21C44B00800A8A6FC /* Classes */,
				B59A99C11C44B00100A8A6FC /* Shop */,
				B59A99C01C44AFF600A8A6FC /* Cart */,
				B59A99BC1C44AFB200A8A6FC /* Home */,
				B59A99B51C44AC6B00A8A6FC /* Base */,
			);
			path = Controllers;
			sourceTree = "<group>";
		};
		B59A99AE1C44A26E00A8A6FC /* DataControllers */ = {
			isa = PBXGroup;
			children = (
				B5E0B58B1C5709AA0083D87C /* PersonCenter */,
				B518D9E81C561B3F00E15656 /* Cart */,
				B518D9CA1C55F64D00E15656 /* Shop */,
				B5FC38681C532220003D74A2 /* Classes */,
				B5C677A01C5230CC0020C71F /* Login */,
				B59E8A091C47380C005CEA25 /* Home */,
			);
			path = DataControllers;
			sourceTree = "<group>";
		};
		B59A99AF1C44A28900A8A6FC /* Helpers */ = {
			isa = PBXGroup;
			children = (
				B5C677971C522DFC0020C71F /* MD5Hepler.h */,
				B5C677981C522DFC0020C71F /* MD5Hepler.m */,
				B5C677991C522DFC0020C71F /* MDLocationManager.h */,
				B5C6779A1C522DFC0020C71F /* MDLocationManager.m */,
				B5C6779B1C522DFC0020C71F /* MDUserDefaultHelper.h */,
				B5C6779C1C522DFC0020C71F /* MDUserDefaultHelper.m */,
				B5995CC11C50CF50006B5697 /* MDDataCache.h */,
				B5995CC21C50CF50006B5697 /* MDDataCache.m */,
				B5995CC41C50DA3D006B5697 /* MDFluentDB.h */,
				B5995CC51C50DA3D006B5697 /* MDFluentDB.m */,
			);
			path = Helpers;
			sourceTree = "<group>";
		};
		B59A99B01C44A29300A8A6FC /* Resources */ = {
			isa = PBXGroup;
			children = (
				B59A99831C449ED600A8A6FC /* Assets.xcassets */,
			);
			path = Resources;
			sourceTree = "<group>";
		};
		B59A99B11C44A29E00A8A6FC /* Categories */ = {
			isa = PBXGroup;
			children = (
				B518D9CD1C56097600E15656 /* Image */,
				B5C677941C52197F0020C71F /* NSString+Extension.h */,
				B5C677951C52197F0020C71F /* NSString+Extension.m */,
				B59B82491C4F58F400BF9AB9 /* Global */,
				B59B82451C4F3CEB00BF9AB9 /* Config */,
				B5B67CA41C45E2EA00E7A902 /* MDEnum.h */,
				B5C677891C51D3680020C71F /* MDCommon.h */,
				B5C6778A1C51D3680020C71F /* MDCommon.m */,
			);
			path = Categories;
			sourceTree = "<group>";
		};
		B59A99B21C44A2B700A8A6FC /* Macros */ = {
			isa = PBXGroup;
			children = (
				B59A99B41C44A72800A8A6FC /* GlobalMacros.h */,
			);
			path = Macros;
			sourceTree = "<group>";
		};
		B59A99B51C44AC6B00A8A6FC /* Base */ = {
			isa = PBXGroup;
			children = (
				B59A99B61C44ACBB00A8A6FC /* MDNavigationController.h */,
				B59A99B71C44ACBB00A8A6FC /* MDNavigationController.m */,
				B59A99B91C44AEA200A8A6FC /* MDTabBarController.h */,
				B59A99BA1C44AEA200A8A6FC /* MDTabBarController.m */,
				B59A99C41C44B0CC00A8A6FC /* MDWebViewController.h */,
				B59A99C51C44B0CC00A8A6FC /* MDWebViewController.m */,
				B5995CBB1C50B045006B5697 /* MDBaseViewController.h */,
				B5995CBC1C50B045006B5697 /* MDBaseViewController.m */,
			);
			path = Base;
			sourceTree = "<group>";
		};
		B59A99BC1C44AFB200A8A6FC /* Home */ = {
			isa = PBXGroup;
			children = (
				B59A99BD1C44AFD900A8A6FC /* MDHomeViewController.h */,
				B59A99BE1C44AFD900A8A6FC /* MDHomeViewController.m */,
				086CAAB41C49E5D000D23761 /* MDSearchViewController.h */,
				086CAAB51C49E5D000D23761 /* MDSearchViewController.m */,
			);
			path = Home;
			sourceTree = "<group>";
		};
		B59A99C01C44AFF600A8A6FC /* Cart */ = {
			isa = PBXGroup;
			children = (
				B59A99C71C44B13E00A8A6FC /* MDCartViewController.h */,
				B59A99C81C44B13E00A8A6FC /* MDCartViewController.m */,
			);
			path = Cart;
			sourceTree = "<group>";
		};
		B59A99C11C44B00100A8A6FC /* Shop */ = {
			isa = PBXGroup;
			children = (
				B59A99CA1C44B18C00A8A6FC /* MDShopManagementViewController.h */,
				B59A99CB1C44B18C00A8A6FC /* MDShopManagementViewController.m */,
				B5FC38701C536551003D74A2 /* MDShopViewController.h */,
				B5FC38711C536551003D74A2 /* MDShopViewController.m */,
			);
			path = Shop;
			sourceTree = "<group>";
		};
		B59A99C21C44B00800A8A6FC /* Classes */ = {
			isa = PBXGroup;
			children = (
				B59A99CD1C44B1A100A8A6FC /* MDClassesViewController.h */,
				B59A99CE1C44B1A100A8A6FC /* MDClassesViewController.m */,
			);
			path = Classes;
			sourceTree = "<group>";
		};
		B59A99C31C44B03A00A8A6FC /* Personal Center */ = {
			isa = PBXGroup;
			children = (
				B59A99D01C44B1BB00A8A6FC /* MDPersonalCenterViewController.h */,
				B59A99D11C44B1BB00A8A6FC /* MDPersonalCenterViewController.m */,
			);
			path = "Personal Center";
			sourceTree = "<group>";
		};
		B59A99D31C44F5AA00A8A6FC /* LDynamicLabel */ = {
			isa = PBXGroup;
			children = (
				B59A99D41C44F64800A8A6FC /* LDynamicLabel.h */,
				B59A99D51C44F64800A8A6FC /* LDynamicLabel.m */,
			);
			path = LDynamicLabel;
			sourceTree = "<group>";
		};
		B59B82451C4F3CEB00BF9AB9 /* Config */ = {
			isa = PBXGroup;
			children = (
				B59B82461C4F3D1D00BF9AB9 /* AppConfig.h */,
			);
			path = Config;
			sourceTree = "<group>";
		};
		B59B82491C4F58F400BF9AB9 /* Global */ = {
			isa = PBXGroup;
			children = (
				B59B824A1C4F593B00BF9AB9 /* MDAPIConfig.h */,
				B59B824B1C4F593B00BF9AB9 /* MDAPIConfig.m */,
				B59B824D1C4F68F400BF9AB9 /* MDPageConfig.h */,
				B59B824E1C4F68F400BF9AB9 /* MDPageConfig.m */,
				B59B82501C4F7C7000BF9AB9 /* MDHttpManager.h */,
				B59B82511C4F7C7000BF9AB9 /* MDHttpManager.m */,
				B5995CBE1C50CE13006B5697 /* MDAppData.h */,
				B5995CBF1C50CE13006B5697 /* MDAppData.m */,
			);
			path = Global;
			sourceTree = "<group>";
		};
		B59E89FE1C472FE4005CEA25 /* LDUtils */ = {
			isa = PBXGroup;
			children = (
				B59E8A021C47304C005CEA25 /* LDUtils.h */,
				B59E8A031C47304C005CEA25 /* LDUtils.m */,
			);
			path = LDUtils;
			sourceTree = "<group>";
		};
		B59E8A051C4736CA005CEA25 /* Home */ = {
			isa = PBXGroup;
			children = (
				B59E8A061C47375E005CEA25 /* MDHomeModel.h */,
				B59E8A071C47375E005CEA25 /* MDHomeModel.m */,
				B54AF8A41C5A069D0047FEB6 /* MDSearchModel.h */,
				B54AF8A51C5A069D0047FEB6 /* MDSearchModel.m */,
			);
			path = Home;
			sourceTree = "<group>";
		};
		B59E8A091C47380C005CEA25 /* Home */ = {
			isa = PBXGroup;
			children = (
				B59E8A101C4740C8005CEA25 /* MDHomeDataController.h */,
				B59E8A111C4740C8005CEA25 /* MDHomeDataController.m */,
				B54AF8A11C5A03A10047FEB6 /* MDSearchDataController.h */,
				B54AF8A21C5A03A10047FEB6 /* MDSearchDataController.m */,
			);
			path = Home;
			sourceTree = "<group>";
		};
		B59E8A161C475261005CEA25 /* ImageCarouselView */ = {
			isa = PBXGroup;
			children = (
				B59E8A171C475272005CEA25 /* ImageCarouselView.h */,
				B59E8A181C475272005CEA25 /* ImageCarouselView.m */,
				B59E8A191C475272005CEA25 /* ImageCarouselViewCell.h */,
				B59E8A1A1C475272005CEA25 /* ImageCarouselViewCell.m */,
			);
			path = ImageCarouselView;
			sourceTree = "<group>";
		};
		B5B67CA61C4628D800E7A902 /* LDSearchBar */ = {
			isa = PBXGroup;
			children = (
				B5B67CA71C4629F600E7A902 /* LDSearchBar.h */,
				B5B67CA81C4629F600E7A902 /* LDSearchBar.m */,
				086CAAB71C49F28800D23761 /* LDSearchViewController.h */,
				086CAAB81C49F28800D23761 /* LDSearchViewController.m */,
				B5A0B2B01C4C909600C8DD6D /* LDSearchPopTransition.h */,
				B5A0B2B11C4C909600C8DD6D /* LDSearchPopTransition.m */,
			);
			path = LDSearchBar;
			sourceTree = "<group>";
		};
		B5C677811C51C5780020C71F /* Reachability */ = {
			isa = PBXGroup;
			children = (
				B5C677821C51C5780020C71F /* Reachability.h */,
				B5C677831C51C5780020C71F /* Reachability.m */,
			);
			path = Reachability;
			sourceTree = "<group>";
		};
		B5C6778C1C51DDE80020C71F /* LDAlertController */ = {
			isa = PBXGroup;
			children = (
				B5C677911C51E90B0020C71F /* LDAlertController.h */,
				B5C677921C51E90B0020C71F /* LDAlertController.m */,
			);
			path = LDAlertController;
			sourceTree = "<group>";
		};
		B5C6778D1C51E79E0020C71F /* Login */ = {
			isa = PBXGroup;
			children = (
				B5C6778E1C51E7E70020C71F /* MDLoginViewController.h */,
				B5C6778F1C51E7E70020C71F /* MDLoginViewController.m */,
			);
			path = Login;
			sourceTree = "<group>";
		};
		B5C677A01C5230CC0020C71F /* Login */ = {
			isa = PBXGroup;
			children = (
				B5C677A11C5230F50020C71F /* MDLoginDataController.h */,
				B5C677A21C5230F50020C71F /* MDLoginDataController.m */,
			);
			path = Login;
			sourceTree = "<group>";
		};
		B5E0B5871C57071F0083D87C /* PersonCenter */ = {
			isa = PBXGroup;
			children = (
				B5E0B5881C5708300083D87C /* MDPersonCenterModel.h */,
				B5E0B5891C5708300083D87C /* MDPersonCenterModel.m */,
			);
			path = PersonCenter;
			sourceTree = "<group>";
		};
		B5E0B58B1C5709AA0083D87C /* PersonCenter */ = {
			isa = PBXGroup;
			children = (
				B5E0B58C1C5709EB0083D87C /* MDPersonCenterDataController.h */,
				B5E0B58D1C5709EB0083D87C /* MDPersonCenterDataController.m */,
			);
			path = PersonCenter;
			sourceTree = "<group>";
		};
		B5E0B58F1C5716960083D87C /* PersonCenter */ = {
			isa = PBXGroup;
			children = (
				B5E0B5901C57170A0083D87C /* MDPersonCenterNormalTableViewCell.h */,
				B5E0B5911C57170A0083D87C /* MDPersonCenterNormalTableViewCell.m */,
				B5E0B5931C57425E0083D87C /* MDPersonCenterInformationTableViewCell.h */,
				B5E0B5941C57425E0083D87C /* MDPersonCenterInformationTableViewCell.m */,
				B5E0B5961C5777DD0083D87C /* MDPersonCenterOrderTableViewCell.h */,
				B5E0B5971C5777DD0083D87C /* MDPersonCenterOrderTableViewCell.m */,
				B5E0B5991C57782F0083D87C /* MDPersonCenterAccountTableViewCell.h */,
				B5E0B59A1C57782F0083D87C /* MDPersonCenterAccountTableViewCell.m */,
			);
			path = PersonCenter;
			sourceTree = "<group>";
		};
		B5FC38541C531F37003D74A2 /* MultilevelMenu */ = {
			isa = PBXGroup;
			children = (
				B5FC38551C531F37003D74A2 /* CellView */,
				B5FC385F1C531F37003D74A2 /* MultilevelMenu.h */,
				B5FC38601C531F37003D74A2 /* MultilevelMenu.m */,
			);
			path = MultilevelMenu;
			sourceTree = "<group>";
		};
		B5FC38551C531F37003D74A2 /* CellView */ = {
			isa = PBXGroup;
			children = (
				B5FC38561C531F37003D74A2 /* CollectionHeader.h */,
				B5FC38571C531F37003D74A2 /* CollectionHeader.m */,
				B5FC38581C531F37003D74A2 /* CollectionHeader.xib */,
				B5FC38591C531F37003D74A2 /* MultilevelCollectionViewCell.h */,
				B5FC385A1C531F37003D74A2 /* MultilevelCollectionViewCell.m */,
				B5FC385B1C531F37003D74A2 /* MultilevelCollectionViewCell.xib */,
				B5FC385C1C531F37003D74A2 /* MultilevelTableViewCell.h */,
				B5FC385D1C531F37003D74A2 /* MultilevelTableViewCell.m */,
				B5FC385E1C531F37003D74A2 /* MultilevelTableViewCell.xib */,
			);
			path = CellView;
			sourceTree = "<group>";
		};
		B5FC38681C532220003D74A2 /* Classes */ = {
			isa = PBXGroup;
			children = (
				B5FC38691C53229F003D74A2 /* MDClassesDataController.h */,
				B5FC386A1C53229F003D74A2 /* MDClassesDataController.m */,
			);
			path = Classes;
			sourceTree = "<group>";
		};
		B5FC386C1C532567003D74A2 /* Classes */ = {
			isa = PBXGroup;
			children = (
				B5FC386D1C53258E003D74A2 /* MDClassesModel.h */,
				B5FC386E1C53258E003D74A2 /* MDClassesModel.m */,
			);
			path = Classes;
			sourceTree = "<group>";
		};
		B5FFCEAA1C488C5E0096B438 /* Home */ = {
			isa = PBXGroup;
			children = (
				B5FFCEB71C489AB90096B438 /* Cell */,
			);
			path = Home;
			sourceTree = "<group>";
		};
		B5FFCEB71C489AB90096B438 /* Cell */ = {
			isa = PBXGroup;
			children = (
				B5FFCEB81C489B020096B438 /* MDHomeBannerFoundationTableViewCell.h */,
				B5FFCEB91C489B020096B438 /* MDHomeBannerFoundationTableViewCell.m */,
				B5FFCEBA1C489B020096B438 /* MDHomeLikeProductTableViewCell.h */,
				B5FFCEBB1C489B020096B438 /* MDHomeLikeProductTableViewCell.m */,
				B5FFCEBC1C489B020096B438 /* MDHomeRedClassesTableViewCell.h */,
				B5FFCEBD1C489B020096B438 /* MDHomeRedClassesTableViewCell.m */,
				B5FFCEBE1C489B020096B438 /* MDHomeRedShopTableViewCell.h */,
				B5FFCEBF1C489B020096B438 /* MDHomeRedShopTableViewCell.m */,
				B5FFCEC41C489B6B0096B438 /* MDHomeLikeProductTipTableViewCell.h */,
				B5FFCEC51C489B6B0096B438 /* MDHomeLikeProductTipTableViewCell.m */,
				B54AF89E1C59E6820047FEB6 /* MDSearchNormalTableViewCell.h */,
				B54AF89F1C59E6820047FEB6 /* MDSearchNormalTableViewCell.m */,
			);
			path = Cell;
			sourceTree = "<group>";
		};
/* End PBXGroup section */

/* Begin PBXNativeTarget section */
		B59A99731C449ED600A8A6FC /* TureTopValuePurchaseDemo */ = {
			isa = PBXNativeTarget;
			buildConfigurationList = B59A99A11C449ED600A8A6FC /* Build configuration list for PBXNativeTarget "TureTopValuePurchaseDemo" */;
			buildPhases = (
				B67B820E65DB22CE5C1943F4 /* Check Pods Manifest.lock */,
				B59A99701C449ED600A8A6FC /* Sources */,
				B59A99711C449ED600A8A6FC /* Frameworks */,
				B59A99721C449ED600A8A6FC /* Resources */,
				DDE98F5D839AF410A6F96D7B /* Embed Pods Frameworks */,
				8B7B16BFBB4B455A3BB21147 /* Copy Pods Resources */,
			);
			buildRules = (
			);
			dependencies = (
			);
			name = TureTopValuePurchaseDemo;
			productName = TureTopValuePurchaseDemo;
			productReference = B59A99741C449ED600A8A6FC /* TureTopValuePurchaseDemo.app */;
			productType = "com.apple.product-type.application";
		};
		B59A998C1C449ED600A8A6FC /* TureTopValuePurchaseDemoTests */ = {
			isa = PBXNativeTarget;
			buildConfigurationList = B59A99A41C449ED600A8A6FC /* Build configuration list for PBXNativeTarget "TureTopValuePurchaseDemoTests" */;
			buildPhases = (
				B59A99891C449ED600A8A6FC /* Sources */,
				B59A998A1C449ED600A8A6FC /* Frameworks */,
				B59A998B1C449ED600A8A6FC /* Resources */,
			);
			buildRules = (
			);
			dependencies = (
				B59A998F1C449ED600A8A6FC /* PBXTargetDependency */,
			);
			name = TureTopValuePurchaseDemoTests;
			productName = TureTopValuePurchaseDemoTests;
			productReference = B59A998D1C449ED600A8A6FC /* TureTopValuePurchaseDemoTests.xctest */;
			productType = "com.apple.product-type.bundle.unit-test";
		};
		B59A99971C449ED600A8A6FC /* TureTopValuePurchaseDemoUITests */ = {
			isa = PBXNativeTarget;
			buildConfigurationList = B59A99A71C449ED600A8A6FC /* Build configuration list for PBXNativeTarget "TureTopValuePurchaseDemoUITests" */;
			buildPhases = (
				B59A99941C449ED600A8A6FC /* Sources */,
				B59A99951C449ED600A8A6FC /* Frameworks */,
				B59A99961C449ED600A8A6FC /* Resources */,
			);
			buildRules = (
			);
			dependencies = (
				B59A999A1C449ED600A8A6FC /* PBXTargetDependency */,
			);
			name = TureTopValuePurchaseDemoUITests;
			productName = TureTopValuePurchaseDemoUITests;
			productReference = B59A99981C449ED600A8A6FC /* TureTopValuePurchaseDemoUITests.xctest */;
			productType = "com.apple.product-type.bundle.ui-testing";
		};
/* End PBXNativeTarget section */

/* Begin PBXProject section */
		B59A996C1C449ED600A8A6FC /* Project object */ = {
			isa = PBXProject;
			attributes = {
				LastUpgradeCheck = 0720;
				ORGANIZATIONNAME = "铭道超值购";
				TargetAttributes = {
					B59A99731C449ED600A8A6FC = {
						CreatedOnToolsVersion = 7.2;
						DevelopmentTeam = S9997395XD;
					};
					B59A998C1C449ED600A8A6FC = {
						CreatedOnToolsVersion = 7.2;
						TestTargetID = B59A99731C449ED600A8A6FC;
					};
					B59A99971C449ED600A8A6FC = {
						CreatedOnToolsVersion = 7.2;
						TestTargetID = B59A99731C449ED600A8A6FC;
					};
				};
			};
			buildConfigurationList = B59A996F1C449ED600A8A6FC /* Build configuration list for PBXProject "TureTopValuePurchaseDemo" */;
			compatibilityVersion = "Xcode 3.2";
			developmentRegion = English;
			hasScannedForEncodings = 0;
			knownRegions = (
				en,
				Base,
			);
			mainGroup = B59A996B1C449ED600A8A6FC;
			productRefGroup = B59A99751C449ED600A8A6FC /* Products */;
			projectDirPath = "";
			projectRoot = "";
			targets = (
				B59A99731C449ED600A8A6FC /* TureTopValuePurchaseDemo */,
				B59A998C1C449ED600A8A6FC /* TureTopValuePurchaseDemoTests */,
				B59A99971C449ED600A8A6FC /* TureTopValuePurchaseDemoUITests */,
			);
		};
/* End PBXProject section */

/* Begin PBXResourcesBuildPhase section */
		B59A99721C449ED600A8A6FC /* Resources */ = {
			isa = PBXResourcesBuildPhase;
			buildActionMask = 2147483647;
			files = (
				B5FC38661C531F37003D74A2 /* MultilevelTableViewCell.xib in Resources */,
				B59A99871C449ED600A8A6FC /* LaunchScreen.storyboard in Resources */,
				B59B82441C4F393300BF9AB9 /* Localizable.strings in Resources */,
				B5FC38621C531F37003D74A2 /* CollectionHeader.xib in Resources */,
				B5FC38641C531F37003D74A2 /* MultilevelCollectionViewCell.xib in Resources */,
				B59A99841C449ED600A8A6FC /* Assets.xcassets in Resources */,
			);
			runOnlyForDeploymentPostprocessing = 0;
		};
		B59A998B1C449ED600A8A6FC /* Resources */ = {
			isa = PBXResourcesBuildPhase;
			buildActionMask = 2147483647;
			files = (
			);
			runOnlyForDeploymentPostprocessing = 0;
		};
		B59A99961C449ED600A8A6FC /* Resources */ = {
			isa = PBXResourcesBuildPhase;
			buildActionMask = 2147483647;
			files = (
			);
			runOnlyForDeploymentPostprocessing = 0;
		};
/* End PBXResourcesBuildPhase section */

/* Begin PBXShellScriptBuildPhase section */
		8B7B16BFBB4B455A3BB21147 /* Copy Pods Resources */ = {
			isa = PBXShellScriptBuildPhase;
			buildActionMask = 2147483647;
			files = (
			);
			inputPaths = (
			);
			name = "Copy Pods Resources";
			outputPaths = (
			);
			runOnlyForDeploymentPostprocessing = 0;
			shellPath = /bin/sh;
			shellScript = "\"${SRCROOT}/Pods/Target Support Files/Pods/Pods-resources.sh\"\n";
			showEnvVarsInLog = 0;
		};
		B67B820E65DB22CE5C1943F4 /* Check Pods Manifest.lock */ = {
			isa = PBXShellScriptBuildPhase;
			buildActionMask = 2147483647;
			files = (
			);
			inputPaths = (
			);
			name = "Check Pods Manifest.lock";
			outputPaths = (
			);
			runOnlyForDeploymentPostprocessing = 0;
			shellPath = /bin/sh;
			shellScript = "diff \"${PODS_ROOT}/../Podfile.lock\" \"${PODS_ROOT}/Manifest.lock\" > /dev/null\nif [[ $? != 0 ]] ; then\n    cat << EOM\nerror: The sandbox is not in sync with the Podfile.lock. Run 'pod install' or update your CocoaPods installation.\nEOM\n    exit 1\nfi\n";
			showEnvVarsInLog = 0;
		};
		DDE98F5D839AF410A6F96D7B /* Embed Pods Frameworks */ = {
			isa = PBXShellScriptBuildPhase;
			buildActionMask = 2147483647;
			files = (
			);
			inputPaths = (
			);
			name = "Embed Pods Frameworks";
			outputPaths = (
			);
			runOnlyForDeploymentPostprocessing = 0;
			shellPath = /bin/sh;
			shellScript = "\"${SRCROOT}/Pods/Target Support Files/Pods/Pods-frameworks.sh\"\n";
			showEnvVarsInLog = 0;
		};
/* End PBXShellScriptBuildPhase section */

/* Begin PBXSourcesBuildPhase section */
		B59A99701C449ED600A8A6FC /* Sources */ = {
			isa = PBXSourcesBuildPhase;
			buildActionMask = 2147483647;
			files = (
				B5C677901C51E7E70020C71F /* MDLoginViewController.m in Sources */,
				B5E0B58A1C5708300083D87C /* MDPersonCenterModel.m in Sources */,
				B5FC38721C536551003D74A2 /* MDShopViewController.m in Sources */,
				B5FC386B1C53229F003D74A2 /* MDClassesDataController.m in Sources */,
				B5FFCEC21C489B020096B438 /* MDHomeRedClassesTableViewCell.m in Sources */,
				B59A99BB1C44AEA200A8A6FC /* MDTabBarController.m in Sources */,
				B5FFCEC61C489B6B0096B438 /* MDHomeLikeProductTipTableViewCell.m in Sources */,
				B59E8A081C47375E005CEA25 /* MDHomeModel.m in Sources */,
				B5FC38631C531F37003D74A2 /* MultilevelCollectionViewCell.m in Sources */,
				B59E8A041C47304C005CEA25 /* LDUtils.m in Sources */,
				B5A0B2B21C4C909600C8DD6D /* LDSearchPopTransition.m in Sources */,
				B5FC38671C531F37003D74A2 /* MultilevelMenu.m in Sources */,
				B59E8A1B1C475272005CEA25 /* ImageCarouselView.m in Sources */,
				B5C6778B1C51D3680020C71F /* MDCommon.m in Sources */,
				B59A99C91C44B13E00A8A6FC /* MDCartViewController.m in Sources */,
				B5995CB71C5072F1006B5697 /* LDProgressView.m in Sources */,
				086CAAB61C49E5D000D23761 /* MDSearchViewController.m in Sources */,
				B5C677A31C5230F50020C71F /* MDLoginDataController.m in Sources */,
				B5995CBA1C508F4B006B5697 /* MMMaterialDesignSpinner.m in Sources */,
				B59A99BF1C44AFD900A8A6FC /* MDHomeViewController.m in Sources */,
				B5FC38651C531F37003D74A2 /* MultilevelTableViewCell.m in Sources */,
				B59A997C1C449ED600A8A6FC /* AppDelegate.m in Sources */,
				B59A99D21C44B1BB00A8A6FC /* MDPersonalCenterViewController.m in Sources */,
				B5C6779E1C522DFC0020C71F /* MDLocationManager.m in Sources */,
				B59A99CC1C44B18C00A8A6FC /* MDShopManagementViewController.m in Sources */,
				B54AF8A61C5A069D0047FEB6 /* MDSearchModel.m in Sources */,
				B54AF8A01C59E6820047FEB6 /* MDSearchNormalTableViewCell.m in Sources */,
				B59E8A121C4740C8005CEA25 /* MDHomeDataController.m in Sources */,
				B5FC386F1C53258E003D74A2 /* MDClassesModel.m in Sources */,
				08E0B8CC1C5C7289002CC7E8 /* LDCombobox.m in Sources */,
				08E0B8CF1C5DC103002CC7E8 /* LDCombobxView.m in Sources */,
				B5FFCEC11C489B020096B438 /* MDHomeLikeProductTableViewCell.m in Sources */,
				B5C677961C52197F0020C71F /* NSString+Extension.m in Sources */,
				B518D9DE1C561A1300E15656 /* CheckBoxButton.m in Sources */,
				B59B824F1C4F68F400BF9AB9 /* MDPageConfig.m in Sources */,
				B54AF8A31C5A03A10047FEB6 /* MDSearchDataController.m in Sources */,
				B5995CC01C50CE13006B5697 /* MDAppData.m in Sources */,
				B5C6779F1C522DFC0020C71F /* MDUserDefaultHelper.m in Sources */,
				B59A99791C449ED600A8A6FC /* main.m in Sources */,
				B5FFCEC31C489B020096B438 /* MDHomeRedShopTableViewCell.m in Sources */,
				086CAAB91C49F28800D23761 /* LDSearchViewController.m in Sources */,
				B5E0B5921C57170A0083D87C /* MDPersonCenterNormalTableViewCell.m in Sources */,
				B5995CBD1C50B045006B5697 /* MDBaseViewController.m in Sources */,
				B5B67CA91C4629F600E7A902 /* LDSearchBar.m in Sources */,
				B518D9D71C560DBC00E15656 /* MDShopModel.m in Sources */,
				B518D9E31C561A6D00E15656 /* MDCartTableViewCell.m in Sources */,
				B5C677841C51C5780020C71F /* Reachability.m in Sources */,
				B518D9EB1C561B6300E15656 /* MDCartDataController.m in Sources */,
				B5E0B5981C5777DD0083D87C /* MDPersonCenterOrderTableViewCell.m in Sources */,
				B5C6779D1C522DFC0020C71F /* MD5Hepler.m in Sources */,
				B59A99D61C44F64800A8A6FC /* LDynamicLabel.m in Sources */,
				B5E0B58E1C5709EB0083D87C /* MDPersonCenterDataController.m in Sources */,
				B59A99CF1C44B1A100A8A6FC /* MDClassesViewController.m in Sources */,
				B5FC38611C531F37003D74A2 /* CollectionHeader.m in Sources */,
				B5995CC61C50DA3D006B5697 /* MDFluentDB.m in Sources */,
				B518D9DF1C561A1300E15656 /* NumberBoxView.m in Sources */,
				B5FFCEC01C489B020096B438 /* MDHomeBannerFoundationTableViewCell.m in Sources */,
				B518D9E71C561B0000E15656 /* MDCartModel.m in Sources */,
				B59A99C61C44B0CC00A8A6FC /* MDWebViewController.m in Sources */,
				B5E0B5951C57425E0083D87C /* MDPersonCenterInformationTableViewCell.m in Sources */,
				B59E8A1C1C475272005CEA25 /* ImageCarouselViewCell.m in Sources */,
				B5E0B59B1C57782F0083D87C /* MDPersonCenterAccountTableViewCell.m in Sources */,
				B59A99B81C44ACBB00A8A6FC /* MDNavigationController.m in Sources */,
				B518D9D31C560D8D00E15656 /* MDShopDataController.m in Sources */,
				B59B82521C4F7C7000BF9AB9 /* MDHttpManager.m in Sources */,
				B59B824C1C4F593B00BF9AB9 /* MDAPIConfig.m in Sources */,
				B5C677931C51E90B0020C71F /* LDAlertController.m in Sources */,
				B5995CC31C50CF50006B5697 /* MDDataCache.m in Sources */,
				B518D9D01C56099500E15656 /* UIImage+ImageEffects.m in Sources */,
			);
			runOnlyForDeploymentPostprocessing = 0;
		};
		B59A99891C449ED600A8A6FC /* Sources */ = {
			isa = PBXSourcesBuildPhase;
			buildActionMask = 2147483647;
			files = (
				B59A99921C449ED600A8A6FC /* TureTopValuePurchaseDemoTests.m in Sources */,
			);
			runOnlyForDeploymentPostprocessing = 0;
		};
		B59A99941C449ED600A8A6FC /* Sources */ = {
			isa = PBXSourcesBuildPhase;
			buildActionMask = 2147483647;
			files = (
				B59A999D1C449ED600A8A6FC /* TureTopValuePurchaseDemoUITests.m in Sources */,
			);
			runOnlyForDeploymentPostprocessing = 0;
		};
/* End PBXSourcesBuildPhase section */

/* Begin PBXTargetDependency section */
		B59A998F1C449ED600A8A6FC /* PBXTargetDependency */ = {
			isa = PBXTargetDependency;
			target = B59A99731C449ED600A8A6FC /* TureTopValuePurchaseDemo */;
			targetProxy = B59A998E1C449ED600A8A6FC /* PBXContainerItemProxy */;
		};
		B59A999A1C449ED600A8A6FC /* PBXTargetDependency */ = {
			isa = PBXTargetDependency;
			target = B59A99731C449ED600A8A6FC /* TureTopValuePurchaseDemo */;
			targetProxy = B59A99991C449ED600A8A6FC /* PBXContainerItemProxy */;
		};
/* End PBXTargetDependency section */

/* Begin PBXVariantGroup section */
		B59A99851C449ED600A8A6FC /* LaunchScreen.storyboard */ = {
			isa = PBXVariantGroup;
			children = (
				B59A99861C449ED600A8A6FC /* Base */,
			);
			name = LaunchScreen.storyboard;
			sourceTree = "<group>";
		};
/* End PBXVariantGroup section */

/* Begin XCBuildConfiguration section */
		B59A999F1C449ED600A8A6FC /* Debug */ = {
			isa = XCBuildConfiguration;
			buildSettings = {
				ALWAYS_SEARCH_USER_PATHS = NO;
				CLANG_CXX_LANGUAGE_STANDARD = "gnu++0x";
				CLANG_CXX_LIBRARY = "libc++";
				CLANG_ENABLE_MODULES = YES;
				CLANG_ENABLE_OBJC_ARC = YES;
				CLANG_WARN_BOOL_CONVERSION = YES;
				CLANG_WARN_CONSTANT_CONVERSION = YES;
				CLANG_WARN_DIRECT_OBJC_ISA_USAGE = YES_ERROR;
				CLANG_WARN_EMPTY_BODY = YES;
				CLANG_WARN_ENUM_CONVERSION = YES;
				CLANG_WARN_INT_CONVERSION = YES;
				CLANG_WARN_OBJC_ROOT_CLASS = YES_ERROR;
				CLANG_WARN_UNREACHABLE_CODE = YES;
				CLANG_WARN__DUPLICATE_METHOD_MATCH = YES;
				"CODE_SIGN_IDENTITY[sdk=iphoneos*]" = "iPhone Developer";
				COPY_PHASE_STRIP = NO;
				DEBUG_INFORMATION_FORMAT = dwarf;
				ENABLE_STRICT_OBJC_MSGSEND = YES;
				ENABLE_TESTABILITY = YES;
				GCC_C_LANGUAGE_STANDARD = gnu99;
				GCC_DYNAMIC_NO_PIC = NO;
				GCC_NO_COMMON_BLOCKS = YES;
				GCC_OPTIMIZATION_LEVEL = 0;
				GCC_PREPROCESSOR_DEFINITIONS = (
					"DEBUG=1",
					"$(inherited)",
				);
				GCC_WARN_64_TO_32_BIT_CONVERSION = YES;
				GCC_WARN_ABOUT_RETURN_TYPE = YES_ERROR;
				GCC_WARN_UNDECLARED_SELECTOR = YES;
				GCC_WARN_UNINITIALIZED_AUTOS = YES_AGGRESSIVE;
				GCC_WARN_UNUSED_FUNCTION = YES;
				GCC_WARN_UNUSED_VARIABLE = YES;
				IPHONEOS_DEPLOYMENT_TARGET = 9.2;
				MTL_ENABLE_DEBUG_INFO = YES;
				ONLY_ACTIVE_ARCH = YES;
				SDKROOT = iphoneos;
			};
			name = Debug;
		};
		B59A99A01C449ED600A8A6FC /* Release */ = {
			isa = XCBuildConfiguration;
			buildSettings = {
				ALWAYS_SEARCH_USER_PATHS = NO;
				CLANG_CXX_LANGUAGE_STANDARD = "gnu++0x";
				CLANG_CXX_LIBRARY = "libc++";
				CLANG_ENABLE_MODULES = YES;
				CLANG_ENABLE_OBJC_ARC = YES;
				CLANG_WARN_BOOL_CONVERSION = YES;
				CLANG_WARN_CONSTANT_CONVERSION = YES;
				CLANG_WARN_DIRECT_OBJC_ISA_USAGE = YES_ERROR;
				CLANG_WARN_EMPTY_BODY = YES;
				CLANG_WARN_ENUM_CONVERSION = YES;
				CLANG_WARN_INT_CONVERSION = YES;
				CLANG_WARN_OBJC_ROOT_CLASS = YES_ERROR;
				CLANG_WARN_UNREACHABLE_CODE = YES;
				CLANG_WARN__DUPLICATE_METHOD_MATCH = YES;
				"CODE_SIGN_IDENTITY[sdk=iphoneos*]" = "iPhone Developer";
				COPY_PHASE_STRIP = NO;
				DEBUG_INFORMATION_FORMAT = "dwarf-with-dsym";
				ENABLE_NS_ASSERTIONS = NO;
				ENABLE_STRICT_OBJC_MSGSEND = YES;
				GCC_C_LANGUAGE_STANDARD = gnu99;
				GCC_NO_COMMON_BLOCKS = YES;
				GCC_WARN_64_TO_32_BIT_CONVERSION = YES;
				GCC_WARN_ABOUT_RETURN_TYPE = YES_ERROR;
				GCC_WARN_UNDECLARED_SELECTOR = YES;
				GCC_WARN_UNINITIALIZED_AUTOS = YES_AGGRESSIVE;
				GCC_WARN_UNUSED_FUNCTION = YES;
				GCC_WARN_UNUSED_VARIABLE = YES;
				IPHONEOS_DEPLOYMENT_TARGET = 9.2;
				MTL_ENABLE_DEBUG_INFO = NO;
				SDKROOT = iphoneos;
				VALIDATE_PRODUCT = YES;
			};
			name = Release;
		};
		B59A99A21C449ED600A8A6FC /* Debug */ = {
			isa = XCBuildConfiguration;
			baseConfigurationReference = FB15C2096A20AF01F7CECC40 /* Pods.debug.xcconfig */;
			buildSettings = {
				ASSETCATALOG_COMPILER_APPICON_NAME = AppIcon;
				CODE_SIGN_IDENTITY = "iPhone Developer";
				"CODE_SIGN_IDENTITY[sdk=iphoneos*]" = "iPhone Developer";
				GCC_PRECOMPILE_PREFIX_HEADER = NO;
				GCC_PREFIX_HEADER = "$(SRCROOT)/TureTopValuePurchaseDemo/TureTopValuePurchase-Prefix.pch";
				INFOPLIST_FILE = TureTopValuePurchaseDemo/Info.plist;
				IPHONEOS_DEPLOYMENT_TARGET = 7.1;
				LD_RUNPATH_SEARCH_PATHS = "$(inherited) @executable_path/Frameworks";
				PRODUCT_BUNDLE_IDENTIFIER = com.TureTop.TureTopValuePurchaseDemo;
				PRODUCT_NAME = "$(TARGET_NAME)";
				PROVISIONING_PROFILE = "";
				TARGETED_DEVICE_FAMILY = 1;
			};
			name = Debug;
		};
		B59A99A31C449ED600A8A6FC /* Release */ = {
			isa = XCBuildConfiguration;
			baseConfigurationReference = 77AD9FCC4ED070F09FB03E4D /* Pods.release.xcconfig */;
			buildSettings = {
				ASSETCATALOG_COMPILER_APPICON_NAME = AppIcon;
				CODE_SIGN_IDENTITY = "iPhone Developer";
				"CODE_SIGN_IDENTITY[sdk=iphoneos*]" = "iPhone Developer";
				GCC_PRECOMPILE_PREFIX_HEADER = NO;
				INFOPLIST_FILE = TureTopValuePurchaseDemo/Info.plist;
				IPHONEOS_DEPLOYMENT_TARGET = 7.1;
				LD_RUNPATH_SEARCH_PATHS = "$(inherited) @executable_path/Frameworks";
				PRODUCT_BUNDLE_IDENTIFIER = com.TureTop.TureTopValuePurchaseDemo;
				PRODUCT_NAME = "$(TARGET_NAME)";
				PROVISIONING_PROFILE = "";
				TARGETED_DEVICE_FAMILY = 1;
			};
			name = Release;
		};
		B59A99A51C449ED600A8A6FC /* Debug */ = {
			isa = XCBuildConfiguration;
			buildSettings = {
				BUNDLE_LOADER = "$(TEST_HOST)";
				INFOPLIST_FILE = TureTopValuePurchaseDemoTests/Info.plist;
				LD_RUNPATH_SEARCH_PATHS = "$(inherited) @executable_path/Frameworks @loader_path/Frameworks";
				PRODUCT_BUNDLE_IDENTIFIER = com.TureTop.TureTopValuePurchaseDemoTests;
				PRODUCT_NAME = "$(TARGET_NAME)";
				TEST_HOST = "$(BUILT_PRODUCTS_DIR)/TureTopValuePurchaseDemo.app/TureTopValuePurchaseDemo";
			};
			name = Debug;
		};
		B59A99A61C449ED600A8A6FC /* Release */ = {
			isa = XCBuildConfiguration;
			buildSettings = {
				BUNDLE_LOADER = "$(TEST_HOST)";
				INFOPLIST_FILE = TureTopValuePurchaseDemoTests/Info.plist;
				LD_RUNPATH_SEARCH_PATHS = "$(inherited) @executable_path/Frameworks @loader_path/Frameworks";
				PRODUCT_BUNDLE_IDENTIFIER = com.TureTop.TureTopValuePurchaseDemoTests;
				PRODUCT_NAME = "$(TARGET_NAME)";
				TEST_HOST = "$(BUILT_PRODUCTS_DIR)/TureTopValuePurchaseDemo.app/TureTopValuePurchaseDemo";
			};
			name = Release;
		};
		B59A99A81C449ED600A8A6FC /* Debug */ = {
			isa = XCBuildConfiguration;
			buildSettings = {
				INFOPLIST_FILE = TureTopValuePurchaseDemoUITests/Info.plist;
				LD_RUNPATH_SEARCH_PATHS = "$(inherited) @executable_path/Frameworks @loader_path/Frameworks";
				PRODUCT_BUNDLE_IDENTIFIER = com.TureTop.TureTopValuePurchaseDemoUITests;
				PRODUCT_NAME = "$(TARGET_NAME)";
				TEST_TARGET_NAME = TureTopValuePurchaseDemo;
				USES_XCTRUNNER = YES;
			};
			name = Debug;
		};
		B59A99A91C449ED600A8A6FC /* Release */ = {
			isa = XCBuildConfiguration;
			buildSettings = {
				INFOPLIST_FILE = TureTopValuePurchaseDemoUITests/Info.plist;
				LD_RUNPATH_SEARCH_PATHS = "$(inherited) @executable_path/Frameworks @loader_path/Frameworks";
				PRODUCT_BUNDLE_IDENTIFIER = com.TureTop.TureTopValuePurchaseDemoUITests;
				PRODUCT_NAME = "$(TARGET_NAME)";
				TEST_TARGET_NAME = TureTopValuePurchaseDemo;
				USES_XCTRUNNER = YES;
			};
			name = Release;
		};
/* End XCBuildConfiguration section */

/* Begin XCConfigurationList section */
		B59A996F1C449ED600A8A6FC /* Build configuration list for PBXProject "TureTopValuePurchaseDemo" */ = {
			isa = XCConfigurationList;
			buildConfigurations = (
				B59A999F1C449ED600A8A6FC /* Debug */,
				B59A99A01C449ED600A8A6FC /* Release */,
			);
			defaultConfigurationIsVisible = 0;
			defaultConfigurationName = Release;
		};
		B59A99A11C449ED600A8A6FC /* Build configuration list for PBXNativeTarget "TureTopValuePurchaseDemo" */ = {
			isa = XCConfigurationList;
			buildConfigurations = (
				B59A99A21C449ED600A8A6FC /* Debug */,
				B59A99A31C449ED600A8A6FC /* Release */,
			);
			defaultConfigurationIsVisible = 0;
			defaultConfigurationName = Release;
		};
		B59A99A41C449ED600A8A6FC /* Build configuration list for PBXNativeTarget "TureTopValuePurchaseDemoTests" */ = {
			isa = XCConfigurationList;
			buildConfigurations = (
				B59A99A51C449ED600A8A6FC /* Debug */,
				B59A99A61C449ED600A8A6FC /* Release */,
			);
			defaultConfigurationIsVisible = 0;
			defaultConfigurationName = Release;
		};
		B59A99A71C449ED600A8A6FC /* Build configuration list for PBXNativeTarget "TureTopValuePurchaseDemoUITests" */ = {
			isa = XCConfigurationList;
			buildConfigurations = (
				B59A99A81C449ED600A8A6FC /* Debug */,
				B59A99A91C449ED600A8A6FC /* Release */,
			);
			defaultConfigurationIsVisible = 0;
			defaultConfigurationName = Release;
		};
/* End XCConfigurationList section */
	};
	rootObject = B59A996C1C449ED600A8A6FC /* Project object */;
}
